
Microsoft Visual Studio Solution File, Format Version 12.00
# Visual Studio Version 17
VisualStudioVersion = 17.9.34723.18
MinimumVisualStudioVersion = 17.9.34723.18
Project("{2150E333-8FDC-42A3-9474-1A3956D46DE8}") = "Framework", "Framework", "{A5A52329-49D0-4CE0-BA3E-DBD2BA90988F}"
EndProject
Project("{2150E333-8FDC-42A3-9474-1A3956D46DE8}") = "Content.Pipeline", "Content.Pipeline", "{F2A58A8B-F174-48E0-BE84-F221C705CE27}"
EndProject
Project("{2150E333-8FDC-42A3-9474-1A3956D46DE8}") = "Platforms", "Platforms", "{9E8F9D1A-DEF1-4FA1-8DE9-0A82B7BC99D9}"
EndProject
Project("{2150E333-8FDC-42A3-9474-1A3956D46DE8}") = "Tools", "Tools", "{753EFCC6-42AB-433E-A013-B7B5D1FE50E0}"
EndProject
Project("{2150E333-8FDC-42A3-9474-1A3956D46DE8}") = "Tests", "Tests", "{94670BA5-3B36-4EBA-A3E0-27912F6BD11A}"
EndProject
Project("{9A19103F-16F7-4668-BE54-9A1E7A4F7556}") = "Xna.Framework", "src\Xna.Framework\Xna.Framework.csproj", "{741B4B1E-89E4-434C-8867-6129838AFD51}"
EndProject
Project("{9A19103F-16F7-4668-BE54-9A1E7A4F7556}") = "Xna.Framework.Content", "src\Xna.Framework.Content\Xna.Framework.Content.csproj", "{1DC4C439-A8A6-4A11-AB3B-A88DCBA05449}"
EndProject
Project("{9A19103F-16F7-4668-BE54-9A1E7A4F7556}") = "Xna.Framework.Graphics", "src\Xna.Framework.Graphics\Xna.Framework.Graphics.csproj", "{4B8D3F73-BBD2-4057-B86B-8B73B957DC0F}"
EndProject
Project("{9A19103F-16F7-4668-BE54-9A1E7A4F7556}") = "Xna.Framework.Audio", "src\Xna.Framework.Audio\Xna.Framework.Audio.csproj", "{3F81F76D-F0F3-44FE-A256-40AF153C33F7}"
EndProject
Project("{9A19103F-16F7-4668-BE54-9A1E7A4F7556}") = "Xna.Framework.Media", "src\Xna.Framework.Media\Xna.Framework.Media.csproj", "{6E0E6284-13FF-4DC7-8FC2-B6D756EAF1FD}"
EndProject
Project("{9A19103F-16F7-4668-BE54-9A1E7A4F7556}") = "Xna.Framework.Input", "src\Xna.Framework.Input\Xna.Framework.Input.csproj", "{8FB8B257-C091-4C41-B221-75C37B68CD8F}"
EndProject
Project("{9A19103F-16F7-4668-BE54-9A1E7A4F7556}") = "Xna.Framework.Game", "src\Xna.Framework.Game\Xna.Framework.Game.csproj", "{90BBD6EF-F386-4F47-88CD-BF386C7D1705}"
EndProject
Project("{9A19103F-16F7-4668-BE54-9A1E7A4F7556}") = "Xna.Framework.Devices", "src\Xna.Framework.Devices\Xna.Framework.Devices.csproj", "{6B3E56F7-C567-463C-9746-0244FD959322}"
EndProject
Project("{9A19103F-16F7-4668-BE54-9A1E7A4F7556}") = "Xna.Framework.Storage", "src\Xna.Framework.Storage\Xna.Framework.Storage.csproj", "{7AE82BAB-5F52-427A-8F6F-DA829261FF9C}"
EndProject
Project("{9A19103F-16F7-4668-BE54-9A1E7A4F7556}") = "Xna.Framework.Content.Pipeline", "src\Xna.Framework.Content.Pipeline\Xna.Framework.Content.Pipeline.csproj", "{73509F44-3566-4B79-BB47-C7C6E2AA2351}"
EndProject
Project("{9A19103F-16F7-4668-BE54-9A1E7A4F7556}") = "Xna.Framework.Content.Pipeline.Graphics", "src\Xna.Framework.Content.Pipeline.Graphics\Xna.Framework.Content.Pipeline.Graphics.csproj", "{7A3FA1D0-1B03-49CB-9E1B-B9DBF27D74B1}"
EndProject
Project("{9A19103F-16F7-4668-BE54-9A1E7A4F7556}") = "Xna.Framework.Content.Pipeline.Graphics.MojoProcessor", "src\Xna.Framework.Content.Pipeline.Graphics.MojoProcessor\Xna.Framework.Content.Pipeline.Graphics.MojoProcessor.csproj", "{476EE43E-E93B-4019-B8B7-AD52C4216456}"
EndProject
Project("{9A19103F-16F7-4668-BE54-9A1E7A4F7556}") = "Xna.Framework.Content.Pipeline.Audio", "src\Xna.Framework.Content.Pipeline.Audio\Xna.Framework.Content.Pipeline.Audio.csproj", "{ACD26013-5730-4CAF-9468-3BAAE867A8A2}"
EndProject
Project("{9A19103F-16F7-4668-BE54-9A1E7A4F7556}") = "Xna.Framework.Content.Pipeline.Media", "src\Xna.Framework.Content.Pipeline.Media\Xna.Framework.Content.Pipeline.Media.csproj", "{63486463-8AEE-483E-862A-7720CD62B4DF}"
EndProject
Project("{9A19103F-16F7-4668-BE54-9A1E7A4F7556}") = "MonoGame.Framework.DesktopGL", "Platforms\MonoGame.Framework.DesktopGL.csproj", "{5B5871CA-AD66-4B5E-B097-B7144CF1B570}"
EndProject
Project("{9A19103F-16F7-4668-BE54-9A1E7A4F7556}") = "MonoGame.Packaging.Flatpak", "Tools\MonoGame.Packaging.Flatpak\MonoGame.Packaging.Flatpak.csproj", "{2AAE746F-0EBE-48B4-8657-2B469B3E1C8F}"
EndProject
Global
	GlobalSection(SolutionConfigurationPlatforms) = preSolution
		Debug|Any CPU = Debug|Any CPU
		Debug|x64 = Debug|x64
		Debug|x86 = Debug|x86
		Release|Any CPU = Release|Any CPU
		Release|x64 = Release|x64
		Release|x86 = Release|x86
	EndGlobalSection
	GlobalSection(ProjectConfigurationPlatforms) = postSolution
		{741B4B1E-89E4-434C-8867-6129838AFD51}.Debug|Any CPU.ActiveCfg = Debug|Any CPU
		{741B4B1E-89E4-434C-8867-6129838AFD51}.Debug|Any CPU.Build.0 = Debug|Any CPU
		{741B4B1E-89E4-434C-8867-6129838AFD51}.Debug|x64.ActiveCfg = Debug|Any CPU
		{741B4B1E-89E4-434C-8867-6129838AFD51}.Debug|x64.Build.0 = Debug|Any CPU
		{741B4B1E-89E4-434C-8867-6129838AFD51}.Debug|x86.ActiveCfg = Debug|Any CPU
		{741B4B1E-89E4-434C-8867-6129838AFD51}.Debug|x86.Build.0 = Debug|Any CPU
		{741B4B1E-89E4-434C-8867-6129838AFD51}.Release|Any CPU.ActiveCfg = Release|Any CPU
		{741B4B1E-89E4-434C-8867-6129838AFD51}.Release|Any CPU.Build.0 = Release|Any CPU
		{741B4B1E-89E4-434C-8867-6129838AFD51}.Release|x64.ActiveCfg = Release|Any CPU
		{741B4B1E-89E4-434C-8867-6129838AFD51}.Release|x64.Build.0 = Release|Any CPU
		{741B4B1E-89E4-434C-8867-6129838AFD51}.Release|x86.ActiveCfg = Release|Any CPU
		{741B4B1E-89E4-434C-8867-6129838AFD51}.Release|x86.Build.0 = Release|Any CPU
		{1DC4C439-A8A6-4A11-AB3B-A88DCBA05449}.Debug|Any CPU.ActiveCfg = Debug|Any CPU
		{1DC4C439-A8A6-4A11-AB3B-A88DCBA05449}.Debug|Any CPU.Build.0 = Debug|Any CPU
		{1DC4C439-A8A6-4A11-AB3B-A88DCBA05449}.Debug|x64.ActiveCfg = Debug|Any CPU
		{1DC4C439-A8A6-4A11-AB3B-A88DCBA05449}.Debug|x64.Build.0 = Debug|Any CPU
		{1DC4C439-A8A6-4A11-AB3B-A88DCBA05449}.Debug|x86.ActiveCfg = Debug|Any CPU
		{1DC4C439-A8A6-4A11-AB3B-A88DCBA05449}.Debug|x86.Build.0 = Debug|Any CPU
		{1DC4C439-A8A6-4A11-AB3B-A88DCBA05449}.Release|Any CPU.ActiveCfg = Release|Any CPU
		{1DC4C439-A8A6-4A11-AB3B-A88DCBA05449}.Release|Any CPU.Build.0 = Release|Any CPU
		{1DC4C439-A8A6-4A11-AB3B-A88DCBA05449}.Release|x64.ActiveCfg = Release|Any CPU
		{1DC4C439-A8A6-4A11-AB3B-A88DCBA05449}.Release|x64.Build.0 = Release|Any CPU
		{1DC4C439-A8A6-4A11-AB3B-A88DCBA05449}.Release|x86.ActiveCfg = Release|Any CPU
		{1DC4C439-A8A6-4A11-AB3B-A88DCBA05449}.Release|x86.Build.0 = Release|Any CPU
		{4B8D3F73-BBD2-4057-B86B-8B73B957DC0F}.Debug|Any CPU.ActiveCfg = Debug|Any CPU
		{4B8D3F73-BBD2-4057-B86B-8B73B957DC0F}.Debug|Any CPU.Build.0 = Debug|Any CPU
		{4B8D3F73-BBD2-4057-B86B-8B73B957DC0F}.Debug|x64.ActiveCfg = Debug|Any CPU
		{4B8D3F73-BBD2-4057-B86B-8B73B957DC0F}.Debug|x64.Build.0 = Debug|Any CPU
		{4B8D3F73-BBD2-4057-B86B-8B73B957DC0F}.Debug|x86.ActiveCfg = Debug|Any CPU
		{4B8D3F73-BBD2-4057-B86B-8B73B957DC0F}.Debug|x86.Build.0 = Debug|Any CPU
		{4B8D3F73-BBD2-4057-B86B-8B73B957DC0F}.Release|Any CPU.ActiveCfg = Release|Any CPU
		{4B8D3F73-BBD2-4057-B86B-8B73B957DC0F}.Release|Any CPU.Build.0 = Release|Any CPU
		{4B8D3F73-BBD2-4057-B86B-8B73B957DC0F}.Release|x64.ActiveCfg = Release|Any CPU
		{4B8D3F73-BBD2-4057-B86B-8B73B957DC0F}.Release|x64.Build.0 = Release|Any CPU
		{4B8D3F73-BBD2-4057-B86B-8B73B957DC0F}.Release|x86.ActiveCfg = Release|Any CPU
		{4B8D3F73-BBD2-4057-B86B-8B73B957DC0F}.Release|x86.Build.0 = Release|Any CPU
		{3F81F76D-F0F3-44FE-A256-40AF153C33F7}.Debug|Any CPU.ActiveCfg = Debug|Any CPU
		{3F81F76D-F0F3-44FE-A256-40AF153C33F7}.Debug|Any CPU.Build.0 = Debug|Any CPU
		{3F81F76D-F0F3-44FE-A256-40AF153C33F7}.Debug|x64.ActiveCfg = Debug|Any CPU
		{3F81F76D-F0F3-44FE-A256-40AF153C33F7}.Debug|x64.Build.0 = Debug|Any CPU
		{3F81F76D-F0F3-44FE-A256-40AF153C33F7}.Debug|x86.ActiveCfg = Debug|Any CPU
		{3F81F76D-F0F3-44FE-A256-40AF153C33F7}.Debug|x86.Build.0 = Debug|Any CPU
		{3F81F76D-F0F3-44FE-A256-40AF153C33F7}.Release|Any CPU.ActiveCfg = Release|Any CPU
		{3F81F76D-F0F3-44FE-A256-40AF153C33F7}.Release|Any CPU.Build.0 = Release|Any CPU
		{3F81F76D-F0F3-44FE-A256-40AF153C33F7}.Release|x64.ActiveCfg = Release|Any CPU
		{3F81F76D-F0F3-44FE-A256-40AF153C33F7}.Release|x64.Build.0 = Release|Any CPU
		{3F81F76D-F0F3-44FE-A256-40AF153C33F7}.Release|x86.ActiveCfg = Release|Any CPU
		{3F81F76D-F0F3-44FE-A256-40AF153C33F7}.Release|x86.Build.0 = Release|Any CPU
		{6E0E6284-13FF-4DC7-8FC2-B6D756EAF1FD}.Debug|Any CPU.ActiveCfg = Debug|Any CPU
		{6E0E6284-13FF-4DC7-8FC2-B6D756EAF1FD}.Debug|Any CPU.Build.0 = Debug|Any CPU
		{6E0E6284-13FF-4DC7-8FC2-B6D756EAF1FD}.Debug|x64.ActiveCfg = Debug|Any CPU
		{6E0E6284-13FF-4DC7-8FC2-B6D756EAF1FD}.Debug|x64.Build.0 = Debug|Any CPU
		{6E0E6284-13FF-4DC7-8FC2-B6D756EAF1FD}.Debug|x86.ActiveCfg = Debug|Any CPU
		{6E0E6284-13FF-4DC7-8FC2-B6D756EAF1FD}.Debug|x86.Build.0 = Debug|Any CPU
		{6E0E6284-13FF-4DC7-8FC2-B6D756EAF1FD}.Release|Any CPU.ActiveCfg = Release|Any CPU
		{6E0E6284-13FF-4DC7-8FC2-B6D756EAF1FD}.Release|Any CPU.Build.0 = Release|Any CPU
		{6E0E6284-13FF-4DC7-8FC2-B6D756EAF1FD}.Release|x64.ActiveCfg = Release|Any CPU
		{6E0E6284-13FF-4DC7-8FC2-B6D756EAF1FD}.Release|x64.Build.0 = Release|Any CPU
		{6E0E6284-13FF-4DC7-8FC2-B6D756EAF1FD}.Release|x86.ActiveCfg = Release|Any CPU
		{6E0E6284-13FF-4DC7-8FC2-B6D756EAF1FD}.Release|x86.Build.0 = Release|Any CPU
		{8FB8B257-C091-4C41-B221-75C37B68CD8F}.Debug|Any CPU.ActiveCfg = Debug|Any CPU
		{8FB8B257-C091-4C41-B221-75C37B68CD8F}.Debug|Any CPU.Build.0 = Debug|Any CPU
		{8FB8B257-C091-4C41-B221-75C37B68CD8F}.Debug|x64.ActiveCfg = Debug|Any CPU
		{8FB8B257-C091-4C41-B221-75C37B68CD8F}.Debug|x64.Build.0 = Debug|Any CPU
		{8FB8B257-C091-4C41-B221-75C37B68CD8F}.Debug|x86.ActiveCfg = Debug|Any CPU
		{8FB8B257-C091-4C41-B221-75C37B68CD8F}.Debug|x86.Build.0 = Debug|Any CPU
		{8FB8B257-C091-4C41-B221-75C37B68CD8F}.Release|Any CPU.ActiveCfg = Release|Any CPU
		{8FB8B257-C091-4C41-B221-75C37B68CD8F}.Release|Any CPU.Build.0 = Release|Any CPU
		{8FB8B257-C091-4C41-B221-75C37B68CD8F}.Release|x64.ActiveCfg = Release|Any CPU
		{8FB8B257-C091-4C41-B221-75C37B68CD8F}.Release|x64.Build.0 = Release|Any CPU
		{8FB8B257-C091-4C41-B221-75C37B68CD8F}.Release|x86.ActiveCfg = Release|Any CPU
		{8FB8B257-C091-4C41-B221-75C37B68CD8F}.Release|x86.Build.0 = Release|Any CPU
		{90BBD6EF-F386-4F47-88CD-BF386C7D1705}.Debug|Any CPU.ActiveCfg = Debug|Any CPU
		{90BBD6EF-F386-4F47-88CD-BF386C7D1705}.Debug|Any CPU.Build.0 = Debug|Any CPU
		{90BBD6EF-F386-4F47-88CD-BF386C7D1705}.Debug|x64.ActiveCfg = Debug|Any CPU
		{90BBD6EF-F386-4F47-88CD-BF386C7D1705}.Debug|x64.Build.0 = Debug|Any CPU
		{90BBD6EF-F386-4F47-88CD-BF386C7D1705}.Debug|x86.ActiveCfg = Debug|Any CPU
		{90BBD6EF-F386-4F47-88CD-BF386C7D1705}.Debug|x86.Build.0 = Debug|Any CPU
		{90BBD6EF-F386-4F47-88CD-BF386C7D1705}.Release|Any CPU.ActiveCfg = Release|Any CPU
		{90BBD6EF-F386-4F47-88CD-BF386C7D1705}.Release|Any CPU.Build.0 = Release|Any CPU
		{90BBD6EF-F386-4F47-88CD-BF386C7D1705}.Release|x64.ActiveCfg = Release|Any CPU
		{90BBD6EF-F386-4F47-88CD-BF386C7D1705}.Release|x64.Build.0 = Release|Any CPU
		{90BBD6EF-F386-4F47-88CD-BF386C7D1705}.Release|x86.ActiveCfg = Release|Any CPU
		{90BBD6EF-F386-4F47-88CD-BF386C7D1705}.Release|x86.Build.0 = Release|Any CPU
		{6B3E56F7-C567-463C-9746-0244FD959322}.Debug|Any CPU.ActiveCfg = Debug|Any CPU
		{6B3E56F7-C567-463C-9746-0244FD959322}.Debug|Any CPU.Build.0 = Debug|Any CPU
		{6B3E56F7-C567-463C-9746-0244FD959322}.Debug|x64.ActiveCfg = Debug|Any CPU
		{6B3E56F7-C567-463C-9746-0244FD959322}.Debug|x64.Build.0 = Debug|Any CPU
		{6B3E56F7-C567-463C-9746-0244FD959322}.Debug|x86.ActiveCfg = Debug|Any CPU
		{6B3E56F7-C567-463C-9746-0244FD959322}.Debug|x86.Build.0 = Debug|Any CPU
		{6B3E56F7-C567-463C-9746-0244FD959322}.Release|Any CPU.ActiveCfg = Release|Any CPU
		{6B3E56F7-C567-463C-9746-0244FD959322}.Release|Any CPU.Build.0 = Release|Any CPU
		{6B3E56F7-C567-463C-9746-0244FD959322}.Release|x64.ActiveCfg = Release|Any CPU
		{6B3E56F7-C567-463C-9746-0244FD959322}.Release|x64.Build.0 = Release|Any CPU
		{6B3E56F7-C567-463C-9746-0244FD959322}.Release|x86.ActiveCfg = Release|Any CPU
		{6B3E56F7-C567-463C-9746-0244FD959322}.Release|x86.Build.0 = Release|Any CPU
		{7AE82BAB-5F52-427A-8F6F-DA829261FF9C}.Debug|Any CPU.ActiveCfg = Debug|Any CPU
		{7AE82BAB-5F52-427A-8F6F-DA829261FF9C}.Debug|Any CPU.Build.0 = Debug|Any CPU
		{7AE82BAB-5F52-427A-8F6F-DA829261FF9C}.Debug|x64.ActiveCfg = Debug|Any CPU
		{7AE82BAB-5F52-427A-8F6F-DA829261FF9C}.Debug|x64.Build.0 = Debug|Any CPU
		{7AE82BAB-5F52-427A-8F6F-DA829261FF9C}.Debug|x86.ActiveCfg = Debug|Any CPU
		{7AE82BAB-5F52-427A-8F6F-DA829261FF9C}.Debug|x86.Build.0 = Debug|Any CPU
		{7AE82BAB-5F52-427A-8F6F-DA829261FF9C}.Release|Any CPU.ActiveCfg = Release|Any CPU
		{7AE82BAB-5F52-427A-8F6F-DA829261FF9C}.Release|Any CPU.Build.0 = Release|Any CPU
		{7AE82BAB-5F52-427A-8F6F-DA829261FF9C}.Release|x64.ActiveCfg = Release|Any CPU
		{7AE82BAB-5F52-427A-8F6F-DA829261FF9C}.Release|x64.Build.0 = Release|Any CPU
		{7AE82BAB-5F52-427A-8F6F-DA829261FF9C}.Release|x86.ActiveCfg = Release|Any CPU
		{7AE82BAB-5F52-427A-8F6F-DA829261FF9C}.Release|x86.Build.0 = Release|Any CPU
		{73509F44-3566-4B79-BB47-C7C6E2AA2351}.Debug|Any CPU.ActiveCfg = Debug|Any CPU
		{73509F44-3566-4B79-BB47-C7C6E2AA2351}.Debug|Any CPU.Build.0 = Debug|Any CPU
		{73509F44-3566-4B79-BB47-C7C6E2AA2351}.Debug|x64.ActiveCfg = Debug|Any CPU
		{73509F44-3566-4B79-BB47-C7C6E2AA2351}.Debug|x64.Build.0 = Debug|Any CPU
		{73509F44-3566-4B79-BB47-C7C6E2AA2351}.Debug|x86.ActiveCfg = Debug|Any CPU
		{73509F44-3566-4B79-BB47-C7C6E2AA2351}.Debug|x86.Build.0 = Debug|Any CPU
		{73509F44-3566-4B79-BB47-C7C6E2AA2351}.Release|Any CPU.ActiveCfg = Release|Any CPU
		{73509F44-3566-4B79-BB47-C7C6E2AA2351}.Release|Any CPU.Build.0 = Release|Any CPU
		{73509F44-3566-4B79-BB47-C7C6E2AA2351}.Release|x64.ActiveCfg = Release|Any CPU
		{73509F44-3566-4B79-BB47-C7C6E2AA2351}.Release|x64.Build.0 = Release|Any CPU
		{73509F44-3566-4B79-BB47-C7C6E2AA2351}.Release|x86.ActiveCfg = Release|Any CPU
		{73509F44-3566-4B79-BB47-C7C6E2AA2351}.Release|x86.Build.0 = Release|Any CPU
		{7A3FA1D0-1B03-49CB-9E1B-B9DBF27D74B1}.Debug|Any CPU.ActiveCfg = Debug|Any CPU
		{7A3FA1D0-1B03-49CB-9E1B-B9DBF27D74B1}.Debug|Any CPU.Build.0 = Debug|Any CPU
		{7A3FA1D0-1B03-49CB-9E1B-B9DBF27D74B1}.Debug|x64.ActiveCfg = Debug|Any CPU
		{7A3FA1D0-1B03-49CB-9E1B-B9DBF27D74B1}.Debug|x64.Build.0 = Debug|Any CPU
		{7A3FA1D0-1B03-49CB-9E1B-B9DBF27D74B1}.Debug|x86.ActiveCfg = Debug|Any CPU
		{7A3FA1D0-1B03-49CB-9E1B-B9DBF27D74B1}.Debug|x86.Build.0 = Debug|Any CPU
		{7A3FA1D0-1B03-49CB-9E1B-B9DBF27D74B1}.Release|Any CPU.ActiveCfg = Release|Any CPU
		{7A3FA1D0-1B03-49CB-9E1B-B9DBF27D74B1}.Release|Any CPU.Build.0 = Release|Any CPU
		{7A3FA1D0-1B03-49CB-9E1B-B9DBF27D74B1}.Release|x64.ActiveCfg = Release|Any CPU
		{7A3FA1D0-1B03-49CB-9E1B-B9DBF27D74B1}.Release|x64.Build.0 = Release|Any CPU
		{7A3FA1D0-1B03-49CB-9E1B-B9DBF27D74B1}.Release|x86.ActiveCfg = Release|Any CPU
		{7A3FA1D0-1B03-49CB-9E1B-B9DBF27D74B1}.Release|x86.Build.0 = Release|Any CPU
		{476EE43E-E93B-4019-B8B7-AD52C4216456}.Debug|Any CPU.ActiveCfg = Debug|Any CPU
		{476EE43E-E93B-4019-B8B7-AD52C4216456}.Debug|Any CPU.Build.0 = Debug|Any CPU
		{476EE43E-E93B-4019-B8B7-AD52C4216456}.Debug|x64.ActiveCfg = Debug|Any CPU
		{476EE43E-E93B-4019-B8B7-AD52C4216456}.Debug|x64.Build.0 = Debug|Any CPU
		{476EE43E-E93B-4019-B8B7-AD52C4216456}.Debug|x86.ActiveCfg = Debug|Any CPU
		{476EE43E-E93B-4019-B8B7-AD52C4216456}.Debug|x86.Build.0 = Debug|Any CPU
		{476EE43E-E93B-4019-B8B7-AD52C4216456}.Release|Any CPU.ActiveCfg = Release|Any CPU
		{476EE43E-E93B-4019-B8B7-AD52C4216456}.Release|Any CPU.Build.0 = Release|Any CPU
		{476EE43E-E93B-4019-B8B7-AD52C4216456}.Release|x64.ActiveCfg = Release|Any CPU
		{476EE43E-E93B-4019-B8B7-AD52C4216456}.Release|x64.Build.0 = Release|Any CPU
		{476EE43E-E93B-4019-B8B7-AD52C4216456}.Release|x86.ActiveCfg = Release|Any CPU
		{476EE43E-E93B-4019-B8B7-AD52C4216456}.Release|x86.Build.0 = Release|Any CPU
		{ACD26013-5730-4CAF-9468-3BAAE867A8A2}.Debug|Any CPU.ActiveCfg = Debug|Any CPU
		{ACD26013-5730-4CAF-9468-3BAAE867A8A2}.Debug|Any CPU.Build.0 = Debug|Any CPU
		{ACD26013-5730-4CAF-9468-3BAAE867A8A2}.Debug|x64.ActiveCfg = Debug|Any CPU
		{ACD26013-5730-4CAF-9468-3BAAE867A8A2}.Debug|x64.Build.0 = Debug|Any CPU
		{ACD26013-5730-4CAF-9468-3BAAE867A8A2}.Debug|x86.ActiveCfg = Debug|Any CPU
		{ACD26013-5730-4CAF-9468-3BAAE867A8A2}.Debug|x86.Build.0 = Debug|Any CPU
		{ACD26013-5730-4CAF-9468-3BAAE867A8A2}.Release|Any CPU.ActiveCfg = Release|Any CPU
		{ACD26013-5730-4CAF-9468-3BAAE867A8A2}.Release|Any CPU.Build.0 = Release|Any CPU
		{ACD26013-5730-4CAF-9468-3BAAE867A8A2}.Release|x64.ActiveCfg = Release|Any CPU
		{ACD26013-5730-4CAF-9468-3BAAE867A8A2}.Release|x64.Build.0 = Release|Any CPU
		{ACD26013-5730-4CAF-9468-3BAAE867A8A2}.Release|x86.ActiveCfg = Release|Any CPU
		{ACD26013-5730-4CAF-9468-3BAAE867A8A2}.Release|x86.Build.0 = Release|Any CPU
		{63486463-8AEE-483E-862A-7720CD62B4DF}.Debug|Any CPU.ActiveCfg = Debug|Any CPU
		{63486463-8AEE-483E-862A-7720CD62B4DF}.Debug|Any CPU.Build.0 = Debug|Any CPU
		{63486463-8AEE-483E-862A-7720CD62B4DF}.Debug|x64.ActiveCfg = Debug|Any CPU
		{63486463-8AEE-483E-862A-7720CD62B4DF}.Debug|x64.Build.0 = Debug|Any CPU
		{63486463-8AEE-483E-862A-7720CD62B4DF}.Debug|x86.ActiveCfg = Debug|Any CPU
		{63486463-8AEE-483E-862A-7720CD62B4DF}.Debug|x86.Build.0 = Debug|Any CPU
		{63486463-8AEE-483E-862A-7720CD62B4DF}.Release|Any CPU.ActiveCfg = Release|Any CPU
		{63486463-8AEE-483E-862A-7720CD62B4DF}.Release|Any CPU.Build.0 = Release|Any CPU
		{63486463-8AEE-483E-862A-7720CD62B4DF}.Release|x64.ActiveCfg = Release|Any CPU
		{63486463-8AEE-483E-862A-7720CD62B4DF}.Release|x64.Build.0 = Release|Any CPU
		{63486463-8AEE-483E-862A-7720CD62B4DF}.Release|x86.ActiveCfg = Release|Any CPU
		{63486463-8AEE-483E-862A-7720CD62B4DF}.Release|x86.Build.0 = Release|Any CPU
		{5B5871CA-AD66-4B5E-B097-B7144CF1B570}.Debug|Any CPU.ActiveCfg = Debug|Any CPU
		{5B5871CA-AD66-4B5E-B097-B7144CF1B570}.Debug|Any CPU.Build.0 = Debug|Any CPU
		{5B5871CA-AD66-4B5E-B097-B7144CF1B570}.Debug|x64.ActiveCfg = Debug|Any CPU
		{5B5871CA-AD66-4B5E-B097-B7144CF1B570}.Debug|x64.Build.0 = Debug|Any CPU
		{5B5871CA-AD66-4B5E-B097-B7144CF1B570}.Debug|x86.ActiveCfg = Debug|Any CPU
		{5B5871CA-AD66-4B5E-B097-B7144CF1B570}.Debug|x86.Build.0 = Debug|Any CPU
		{5B5871CA-AD66-4B5E-B097-B7144CF1B570}.Release|Any CPU.ActiveCfg = Release|Any CPU
		{5B5871CA-AD66-4B5E-B097-B7144CF1B570}.Release|Any CPU.Build.0 = Release|Any CPU
		{5B5871CA-AD66-4B5E-B097-B7144CF1B570}.Release|x64.ActiveCfg = Release|Any CPU
		{5B5871CA-AD66-4B5E-B097-B7144CF1B570}.Release|x64.Build.0 = Release|Any CPU
		{5B5871CA-AD66-4B5E-B097-B7144CF1B570}.Release|x86.ActiveCfg = Release|Any CPU
		{5B5871CA-AD66-4B5E-B097-B7144CF1B570}.Release|x86.Build.0 = Release|Any CPU
		{2AAE746F-0EBE-48B4-8657-2B469B3E1C8F}.Debug|Any CPU.ActiveCfg = Debug|Any CPU
		{2AAE746F-0EBE-48B4-8657-2B469B3E1C8F}.Debug|Any CPU.Build.0 = Debug|Any CPU
		{2AAE746F-0EBE-48B4-8657-2B469B3E1C8F}.Debug|x64.ActiveCfg = Debug|Any CPU
		{2AAE746F-0EBE-48B4-8657-2B469B3E1C8F}.Debug|x64.Build.0 = Debug|Any CPU
		{2AAE746F-0EBE-48B4-8657-2B469B3E1C8F}.Debug|x86.ActiveCfg = Debug|Any CPU
		{2AAE746F-0EBE-48B4-8657-2B469B3E1C8F}.Debug|x86.Build.0 = Debug|Any CPU
		{2AAE746F-0EBE-48B4-8657-2B469B3E1C8F}.Release|Any CPU.ActiveCfg = Release|Any CPU
		{2AAE746F-0EBE-48B4-8657-2B469B3E1C8F}.Release|Any CPU.Build.0 = Release|Any CPU
		{2AAE746F-0EBE-48B4-8657-2B469B3E1C8F}.Release|x64.ActiveCfg = Release|Any CPU
		{2AAE746F-0EBE-48B4-8657-2B469B3E1C8F}.Release|x64.Build.0 = Release|Any CPU
		{2AAE746F-0EBE-48B4-8657-2B469B3E1C8F}.Release|x86.ActiveCfg = Release|Any CPU
		{2AAE746F-0EBE-48B4-8657-2B469B3E1C8F}.Release|x86.Build.0 = Release|Any CPU
	EndGlobalSection
	GlobalSection(SolutionProperties) = preSolution
		HideSolutionNode = FALSE
	EndGlobalSection
	GlobalSection(NestedProjects) = preSolution
		{741B4B1E-89E4-434C-8867-6129838AFD51} = {A5A52329-49D0-4CE0-BA3E-DBD2BA90988F}
		{1DC4C439-A8A6-4A11-AB3B-A88DCBA05449} = {A5A52329-49D0-4CE0-BA3E-DBD2BA90988F}
		{4B8D3F73-BBD2-4057-B86B-8B73B957DC0F} = {A5A52329-49D0-4CE0-BA3E-DBD2BA90988F}
		{3F81F76D-F0F3-44FE-A256-40AF153C33F7} = {A5A52329-49D0-4CE0-BA3E-DBD2BA90988F}
		{6E0E6284-13FF-4DC7-8FC2-B6D756EAF1FD} = {A5A52329-49D0-4CE0-BA3E-DBD2BA90988F}
		{8FB8B257-C091-4C41-B221-75C37B68CD8F} = {A5A52329-49D0-4CE0-BA3E-DBD2BA90988F}
		{90BBD6EF-F386-4F47-88CD-BF386C7D1705} = {A5A52329-49D0-4CE0-BA3E-DBD2BA90988F}
		{6B3E56F7-C567-463C-9746-0244FD959322} = {A5A52329-49D0-4CE0-BA3E-DBD2BA90988F}
		{7AE82BAB-5F52-427A-8F6F-DA829261FF9C} = {A5A52329-49D0-4CE0-BA3E-DBD2BA90988F}
		{73509F44-3566-4B79-BB47-C7C6E2AA2351} = {F2A58A8B-F174-48E0-BE84-F221C705CE27}
		{7A3FA1D0-1B03-49CB-9E1B-B9DBF27D74B1} = {F2A58A8B-F174-48E0-BE84-F221C705CE27}
		{476EE43E-E93B-4019-B8B7-AD52C4216456} = {F2A58A8B-F174-48E0-BE84-F221C705CE27}
		{ACD26013-5730-4CAF-9468-3BAAE867A8A2} = {F2A58A8B-F174-48E0-BE84-F221C705CE27}
		{63486463-8AEE-483E-862A-7720CD62B4DF} = {F2A58A8B-F174-48E0-BE84-F221C705CE27}
		{5B5871CA-AD66-4B5E-B097-B7144CF1B570} = {9E8F9D1A-DEF1-4FA1-8DE9-0A82B7BC99D9}
		{2AAE746F-0EBE-48B4-8657-2B469B3E1C8F} = {753EFCC6-42AB-433E-A013-B7B5D1FE50E0}
	EndGlobalSection
	GlobalSection(ExtensibilityGlobals) = postSolution
		SolutionGuid = {5765210B-8045-485C-9F8A-F32B3D24A405}
	EndGlobalSection
EndGlobal
