
Microsoft Visual Studio Solution File, Format Version 12.00
# Visual Studio Version 17
VisualStudioVersion = 17.1.32210.238
MinimumVisualStudioVersion = 17.1.32210.238
Project("{2150E333-8FDC-42A3-9474-1A3956D46DE8}") = "Tools", "Tools", "{BF402782-D4F6-4F6B-A284-AA6D8B8AA39A}"
EndProject
Project("{9A19103F-16F7-4668-BE54-9A1E7A4F7556}") = "MonoGame.Content.Builder", "Tools\MonoGame.Content.Builder\MonoGame.Content.Builder.csproj", "{B3201192-46D5-40C5-A24E-493EC66D8C9B}"
EndProject
Project("{9A19103F-16F7-4668-BE54-9A1E7A4F7556}") = "MonoGame.Effect.Compiler", "Tools\MonoGame.Effect.Compiler\MonoGame.Effect.Compiler.csproj", "{1CCEF3CE-3E70-4A17-BCBD-73137881CEEB}"
EndProject
Project("{9A19103F-16F7-4668-BE54-9A1E7A4F7556}") = "MonoGame.Content.Builder.Task", "Tools\MonoGame.Content.Builder.Task\MonoGame.Content.Builder.Task.csproj", "{BC63B70D-1F03-4FF3-B823-12642D52CB74}"
EndProject
Project("{9A19103F-16F7-4668-BE54-9A1E7A4F7556}") = "MonoGame.Content.Builder.Editor.Windows", "Tools\MonoGame.Content.Builder.Editor\MonoGame.Content.Builder.Editor.Windows.csproj", "{332EFBC3-D4C2-43A6-BBA8-F54956160BBB}"
EndProject
Project("{9A19103F-16F7-4668-BE54-9A1E7A4F7556}") = "MonoGame.Content.Builder.Editor.Launcher.Windows", "Tools\MonoGame.Content.Builder.Editor.Launcher\MonoGame.Content.Builder.Editor.Launcher.Windows.csproj", "{EF930FA9-8109-4869-A435-AE52213EABA4}"
EndProject
Project("{9A19103F-16F7-4668-BE54-9A1E7A4F7556}") = "MonoGame.Content.Builder.Editor.Launcher.Bootstrap", "Tools\MonoGame.Content.Builder.Editor.Launcher.Bootstrap\MonoGame.Content.Builder.Editor.Launcher.Bootstrap.csproj", "{B75CFA34-0736-4986-8B41-C41BB4C2DF35}"
EndProject
Project("{2150E333-8FDC-42A3-9474-1A3956D46DE8}") = "Content.Pipeline", "Content.Pipeline", "{472FB4BB-FCD4-45BF-B54D-A0096DF1F5B4}"
EndProject
Project("{FAE04EC0-301F-11D3-BF4B-00C04F79EFBC}") = "XNA.Framework.WindowsDX11", "MonoGame.Framework\XNA.Framework.WindowsDX11.csproj", "{7DE47032-A904-4C29-BD22-2D235E8D91BA}"
EndProject
Project("{9A19103F-16F7-4668-BE54-9A1E7A4F7556}") = "Xna.Framework.Content.Pipeline", "src\Xna.Framework.Content.Pipeline\Xna.Framework.Content.Pipeline.csproj", "{D6FC6C8F-3CB7-495B-BB2E-879A18095434}"
EndProject
Project("{9A19103F-16F7-4668-BE54-9A1E7A4F7556}") = "Xna.Framework.Content.Pipeline.Audio", "src\Xna.Framework.Content.Pipeline.Audio\Xna.Framework.Content.Pipeline.Audio.csproj", "{309F4626-65AB-4033-82CE-C8B4CBDB7566}"
EndProject
Project("{9A19103F-16F7-4668-BE54-9A1E7A4F7556}") = "Xna.Framework.Content.Pipeline.Media", "src\Xna.Framework.Content.Pipeline.Media\Xna.Framework.Content.Pipeline.Media.csproj", "{B15F9E7C-1410-4B9F-845E-D0238B9E982F}"
EndProject
Project("{9A19103F-16F7-4668-BE54-9A1E7A4F7556}") = "Xna.Framework.Content.Pipeline.Graphics", "src\Xna.Framework.Content.Pipeline.Graphics\Xna.Framework.Content.Pipeline.Graphics.csproj", "{329846B8-2E99-4DA0-A5AC-8E070B0A9A2F}"
EndProject
Project("{9A19103F-16F7-4668-BE54-9A1E7A4F7556}") = "Xna.Framework.Content.Pipeline.Graphics.MojoProcessor", "src\Xna.Framework.Content.Pipeline.Graphics.MojoProcessor\Xna.Framework.Content.Pipeline.Graphics.MojoProcessor.csproj", "{FF5743FA-F88B-4874-96D5-1E2BCCE7A8BD}"
EndProject
Project("{9A19103F-16F7-4668-BE54-9A1E7A4F7556}") = "Xna.Framework", "src\Xna.Framework\Xna.Framework.csproj", "{741B4B1E-89E4-434C-8867-6129838AFD51}}"
EndProject
Project("{9A19103F-16F7-4668-BE54-9A1E7A4F7556}") = "Xna.Framework.Graphics.PackedVector", "src\Xna.Framework.Graphics.PackedVector\Xna.Framework.Graphics.PackedVector.csproj", "{FF11302E-6A9F-49AA-960A-9584BC4BDA26}"
EndProject
Global
	GlobalSection(SolutionConfigurationPlatforms) = preSolution
		Debug|Any CPU = Debug|Any CPU
		Debug|x64 = Debug|x64
		Debug|x86 = Debug|x86
		Release|Any CPU = Release|Any CPU
		Release|x64 = Release|x64
		Release|x86 = Release|x86
	EndGlobalSection
	GlobalSection(ProjectConfigurationPlatforms) = postSolution
		{B3201192-46D5-40C5-A24E-493EC66D8C9B}.Debug|Any CPU.ActiveCfg = Debug|Any CPU
		{B3201192-46D5-40C5-A24E-493EC66D8C9B}.Debug|Any CPU.Build.0 = Debug|Any CPU
		{B3201192-46D5-40C5-A24E-493EC66D8C9B}.Debug|x64.ActiveCfg = Debug|Any CPU
		{B3201192-46D5-40C5-A24E-493EC66D8C9B}.Debug|x64.Build.0 = Debug|Any CPU
		{B3201192-46D5-40C5-A24E-493EC66D8C9B}.Debug|x86.ActiveCfg = Debug|Any CPU
		{B3201192-46D5-40C5-A24E-493EC66D8C9B}.Debug|x86.Build.0 = Debug|Any CPU
		{B3201192-46D5-40C5-A24E-493EC66D8C9B}.Release|Any CPU.ActiveCfg = Release|Any CPU
		{B3201192-46D5-40C5-A24E-493EC66D8C9B}.Release|Any CPU.Build.0 = Release|Any CPU
		{B3201192-46D5-40C5-A24E-493EC66D8C9B}.Release|x64.ActiveCfg = Release|Any CPU
		{B3201192-46D5-40C5-A24E-493EC66D8C9B}.Release|x64.Build.0 = Release|Any CPU
		{B3201192-46D5-40C5-A24E-493EC66D8C9B}.Release|x86.ActiveCfg = Release|Any CPU
		{B3201192-46D5-40C5-A24E-493EC66D8C9B}.Release|x86.Build.0 = Release|Any CPU
		{1CCEF3CE-3E70-4A17-BCBD-73137881CEEB}.Debug|Any CPU.ActiveCfg = Debug|Any CPU
		{1CCEF3CE-3E70-4A17-BCBD-73137881CEEB}.Debug|Any CPU.Build.0 = Debug|Any CPU
		{1CCEF3CE-3E70-4A17-BCBD-73137881CEEB}.Debug|x64.ActiveCfg = Debug|Any CPU
		{1CCEF3CE-3E70-4A17-BCBD-73137881CEEB}.Debug|x64.Build.0 = Debug|Any CPU
		{1CCEF3CE-3E70-4A17-BCBD-73137881CEEB}.Debug|x86.ActiveCfg = Debug|Any CPU
		{1CCEF3CE-3E70-4A17-BCBD-73137881CEEB}.Debug|x86.Build.0 = Debug|Any CPU
		{1CCEF3CE-3E70-4A17-BCBD-73137881CEEB}.Release|Any CPU.ActiveCfg = Release|Any CPU
		{1CCEF3CE-3E70-4A17-BCBD-73137881CEEB}.Release|Any CPU.Build.0 = Release|Any CPU
		{1CCEF3CE-3E70-4A17-BCBD-73137881CEEB}.Release|x64.ActiveCfg = Release|Any CPU
		{1CCEF3CE-3E70-4A17-BCBD-73137881CEEB}.Release|x64.Build.0 = Release|Any CPU
		{1CCEF3CE-3E70-4A17-BCBD-73137881CEEB}.Release|x86.ActiveCfg = Release|Any CPU
		{1CCEF3CE-3E70-4A17-BCBD-73137881CEEB}.Release|x86.Build.0 = Release|Any CPU
		{BC63B70D-1F03-4FF3-B823-12642D52CB74}.Debug|Any CPU.ActiveCfg = Debug|Any CPU
		{BC63B70D-1F03-4FF3-B823-12642D52CB74}.Debug|Any CPU.Build.0 = Debug|Any CPU
		{BC63B70D-1F03-4FF3-B823-12642D52CB74}.Debug|x64.ActiveCfg = Debug|Any CPU
		{BC63B70D-1F03-4FF3-B823-12642D52CB74}.Debug|x64.Build.0 = Debug|Any CPU
		{BC63B70D-1F03-4FF3-B823-12642D52CB74}.Debug|x86.ActiveCfg = Debug|Any CPU
		{BC63B70D-1F03-4FF3-B823-12642D52CB74}.Debug|x86.Build.0 = Debug|Any CPU
		{BC63B70D-1F03-4FF3-B823-12642D52CB74}.Release|Any CPU.ActiveCfg = Release|Any CPU
		{BC63B70D-1F03-4FF3-B823-12642D52CB74}.Release|Any CPU.Build.0 = Release|Any CPU
		{BC63B70D-1F03-4FF3-B823-12642D52CB74}.Release|x64.ActiveCfg = Release|Any CPU
		{BC63B70D-1F03-4FF3-B823-12642D52CB74}.Release|x64.Build.0 = Release|Any CPU
		{BC63B70D-1F03-4FF3-B823-12642D52CB74}.Release|x86.ActiveCfg = Release|Any CPU
		{BC63B70D-1F03-4FF3-B823-12642D52CB74}.Release|x86.Build.0 = Release|Any CPU
		{332EFBC3-D4C2-43A6-BBA8-F54956160BBB}.Debug|Any CPU.ActiveCfg = Debug|Any CPU
		{332EFBC3-D4C2-43A6-BBA8-F54956160BBB}.Debug|Any CPU.Build.0 = Debug|Any CPU
		{332EFBC3-D4C2-43A6-BBA8-F54956160BBB}.Debug|x64.ActiveCfg = Debug|Any CPU
		{332EFBC3-D4C2-43A6-BBA8-F54956160BBB}.Debug|x64.Build.0 = Debug|Any CPU
		{332EFBC3-D4C2-43A6-BBA8-F54956160BBB}.Debug|x86.ActiveCfg = Debug|Any CPU
		{332EFBC3-D4C2-43A6-BBA8-F54956160BBB}.Debug|x86.Build.0 = Debug|Any CPU
		{332EFBC3-D4C2-43A6-BBA8-F54956160BBB}.Release|Any CPU.ActiveCfg = Release|Any CPU
		{332EFBC3-D4C2-43A6-BBA8-F54956160BBB}.Release|Any CPU.Build.0 = Release|Any CPU
		{332EFBC3-D4C2-43A6-BBA8-F54956160BBB}.Release|x64.ActiveCfg = Release|Any CPU
		{332EFBC3-D4C2-43A6-BBA8-F54956160BBB}.Release|x64.Build.0 = Release|Any CPU
		{332EFBC3-D4C2-43A6-BBA8-F54956160BBB}.Release|x86.ActiveCfg = Release|Any CPU
		{332EFBC3-D4C2-43A6-BBA8-F54956160BBB}.Release|x86.Build.0 = Release|Any CPU
		{EF930FA9-8109-4869-A435-AE52213EABA4}.Debug|Any CPU.ActiveCfg = Debug|Any CPU
		{EF930FA9-8109-4869-A435-AE52213EABA4}.Debug|Any CPU.Build.0 = Debug|Any CPU
		{EF930FA9-8109-4869-A435-AE52213EABA4}.Debug|x64.ActiveCfg = Debug|Any CPU
		{EF930FA9-8109-4869-A435-AE52213EABA4}.Debug|x64.Build.0 = Debug|Any CPU
		{EF930FA9-8109-4869-A435-AE52213EABA4}.Debug|x86.ActiveCfg = Debug|Any CPU
		{EF930FA9-8109-4869-A435-AE52213EABA4}.Debug|x86.Build.0 = Debug|Any CPU
		{EF930FA9-8109-4869-A435-AE52213EABA4}.Release|Any CPU.ActiveCfg = Release|Any CPU
		{EF930FA9-8109-4869-A435-AE52213EABA4}.Release|Any CPU.Build.0 = Release|Any CPU
		{EF930FA9-8109-4869-A435-AE52213EABA4}.Release|x64.ActiveCfg = Release|Any CPU
		{EF930FA9-8109-4869-A435-AE52213EABA4}.Release|x64.Build.0 = Release|Any CPU
		{EF930FA9-8109-4869-A435-AE52213EABA4}.Release|x86.ActiveCfg = Release|Any CPU
		{EF930FA9-8109-4869-A435-AE52213EABA4}.Release|x86.Build.0 = Release|Any CPU
		{B75CFA34-0736-4986-8B41-C41BB4C2DF35}.Debug|Any CPU.ActiveCfg = Debug|Any CPU
		{B75CFA34-0736-4986-8B41-C41BB4C2DF35}.Debug|Any CPU.Build.0 = Debug|Any CPU
		{B75CFA34-0736-4986-8B41-C41BB4C2DF35}.Debug|x64.ActiveCfg = Debug|Any CPU
		{B75CFA34-0736-4986-8B41-C41BB4C2DF35}.Debug|x64.Build.0 = Debug|Any CPU
		{B75CFA34-0736-4986-8B41-C41BB4C2DF35}.Debug|x86.ActiveCfg = Debug|Any CPU
		{B75CFA34-0736-4986-8B41-C41BB4C2DF35}.Debug|x86.Build.0 = Debug|Any CPU
		{B75CFA34-0736-4986-8B41-C41BB4C2DF35}.Release|Any CPU.ActiveCfg = Release|Any CPU
		{B75CFA34-0736-4986-8B41-C41BB4C2DF35}.Release|Any CPU.Build.0 = Release|Any CPU
		{B75CFA34-0736-4986-8B41-C41BB4C2DF35}.Release|x64.ActiveCfg = Release|Any CPU
		{B75CFA34-0736-4986-8B41-C41BB4C2DF35}.Release|x64.Build.0 = Release|Any CPU
		{B75CFA34-0736-4986-8B41-C41BB4C2DF35}.Release|x86.ActiveCfg = Release|Any CPU
		{B75CFA34-0736-4986-8B41-C41BB4C2DF35}.Release|x86.Build.0 = Release|Any CPU
		{7DE47032-A904-4C29-BD22-2D235E8D91BA}.Debug|Any CPU.ActiveCfg = Debug|Any CPU
		{7DE47032-A904-4C29-BD22-2D235E8D91BA}.Debug|Any CPU.Build.0 = Debug|Any CPU
		{7DE47032-A904-4C29-BD22-2D235E8D91BA}.Debug|x64.ActiveCfg = Debug|Any CPU
		{7DE47032-A904-4C29-BD22-2D235E8D91BA}.Debug|x64.Build.0 = Debug|Any CPU
		{7DE47032-A904-4C29-BD22-2D235E8D91BA}.Debug|x86.ActiveCfg = Debug|Any CPU
		{7DE47032-A904-4C29-BD22-2D235E8D91BA}.Debug|x86.Build.0 = Debug|Any CPU
		{7DE47032-A904-4C29-BD22-2D235E8D91BA}.Release|Any CPU.ActiveCfg = Release|Any CPU
		{7DE47032-A904-4C29-BD22-2D235E8D91BA}.Release|Any CPU.Build.0 = Release|Any CPU
		{7DE47032-A904-4C29-BD22-2D235E8D91BA}.Release|x64.ActiveCfg = Release|Any CPU
		{7DE47032-A904-4C29-BD22-2D235E8D91BA}.Release|x64.Build.0 = Release|Any CPU
		{7DE47032-A904-4C29-BD22-2D235E8D91BA}.Release|x86.ActiveCfg = Release|Any CPU
		{7DE47032-A904-4C29-BD22-2D235E8D91BA}.Release|x86.Build.0 = Release|Any CPU
		{D6FC6C8F-3CB7-495B-BB2E-879A18095434}.Debug|Any CPU.ActiveCfg = Debug|Any CPU
		{D6FC6C8F-3CB7-495B-BB2E-879A18095434}.Debug|Any CPU.Build.0 = Debug|Any CPU
		{D6FC6C8F-3CB7-495B-BB2E-879A18095434}.Debug|x64.ActiveCfg = Debug|Any CPU
		{D6FC6C8F-3CB7-495B-BB2E-879A18095434}.Debug|x64.Build.0 = Debug|Any CPU
		{D6FC6C8F-3CB7-495B-BB2E-879A18095434}.Debug|x86.ActiveCfg = Debug|Any CPU
		{D6FC6C8F-3CB7-495B-BB2E-879A18095434}.Debug|x86.Build.0 = Debug|Any CPU
		{D6FC6C8F-3CB7-495B-BB2E-879A18095434}.Release|Any CPU.ActiveCfg = Release|Any CPU
		{D6FC6C8F-3CB7-495B-BB2E-879A18095434}.Release|Any CPU.Build.0 = Release|Any CPU
		{D6FC6C8F-3CB7-495B-BB2E-879A18095434}.Release|x64.ActiveCfg = Release|Any CPU
		{D6FC6C8F-3CB7-495B-BB2E-879A18095434}.Release|x64.Build.0 = Release|Any CPU
		{D6FC6C8F-3CB7-495B-BB2E-879A18095434}.Release|x86.ActiveCfg = Release|Any CPU
		{D6FC6C8F-3CB7-495B-BB2E-879A18095434}.Release|x86.Build.0 = Release|Any CPU
		{329846B8-2E99-4DA0-A5AC-8E070B0A9A2F}.Debug|Any CPU.ActiveCfg = Debug|Any CPU
		{329846B8-2E99-4DA0-A5AC-8E070B0A9A2F}.Debug|Any CPU.Build.0 = Debug|Any CPU
		{329846B8-2E99-4DA0-A5AC-8E070B0A9A2F}.Debug|x64.ActiveCfg = Debug|Any CPU
		{329846B8-2E99-4DA0-A5AC-8E070B0A9A2F}.Debug|x64.Build.0 = Debug|Any CPU
		{329846B8-2E99-4DA0-A5AC-8E070B0A9A2F}.Debug|x86.ActiveCfg = Debug|Any CPU
		{329846B8-2E99-4DA0-A5AC-8E070B0A9A2F}.Debug|x86.Build.0 = Debug|Any CPU
		{329846B8-2E99-4DA0-A5AC-8E070B0A9A2F}.Release|Any CPU.ActiveCfg = Release|Any CPU
		{329846B8-2E99-4DA0-A5AC-8E070B0A9A2F}.Release|Any CPU.Build.0 = Release|Any CPU
		{329846B8-2E99-4DA0-A5AC-8E070B0A9A2F}.Release|x64.ActiveCfg = Release|Any CPU
		{329846B8-2E99-4DA0-A5AC-8E070B0A9A2F}.Release|x64.Build.0 = Release|Any CPU
		{329846B8-2E99-4DA0-A5AC-8E070B0A9A2F}.Release|x86.ActiveCfg = Release|Any CPU
		{329846B8-2E99-4DA0-A5AC-8E070B0A9A2F}.Release|x86.Build.0 = Release|Any CPU
		{B15F9E7C-1410-4B9F-845E-D0238B9E982F}.Debug|Any CPU.ActiveCfg = Debug|Any CPU
		{B15F9E7C-1410-4B9F-845E-D0238B9E982F}.Debug|Any CPU.Build.0 = Debug|Any CPU
		{B15F9E7C-1410-4B9F-845E-D0238B9E982F}.Debug|x64.ActiveCfg = Debug|Any CPU
		{B15F9E7C-1410-4B9F-845E-D0238B9E982F}.Debug|x64.Build.0 = Debug|Any CPU
		{B15F9E7C-1410-4B9F-845E-D0238B9E982F}.Debug|x86.ActiveCfg = Debug|Any CPU
		{B15F9E7C-1410-4B9F-845E-D0238B9E982F}.Debug|x86.Build.0 = Debug|Any CPU
		{B15F9E7C-1410-4B9F-845E-D0238B9E982F}.Release|Any CPU.ActiveCfg = Release|Any CPU
		{B15F9E7C-1410-4B9F-845E-D0238B9E982F}.Release|Any CPU.Build.0 = Release|Any CPU
		{B15F9E7C-1410-4B9F-845E-D0238B9E982F}.Release|x64.ActiveCfg = Release|Any CPU
		{B15F9E7C-1410-4B9F-845E-D0238B9E982F}.Release|x64.Build.0 = Release|Any CPU
		{B15F9E7C-1410-4B9F-845E-D0238B9E982F}.Release|x86.ActiveCfg = Release|Any CPU
		{B15F9E7C-1410-4B9F-845E-D0238B9E982F}.Release|x86.Build.0 = Release|Any CPU
		{FF5743FA-F88B-4874-96D5-1E2BCCE7A8BD}.Debug|Any CPU.ActiveCfg = Debug|Any CPU
		{FF5743FA-F88B-4874-96D5-1E2BCCE7A8BD}.Debug|Any CPU.Build.0 = Debug|Any CPU
		{FF5743FA-F88B-4874-96D5-1E2BCCE7A8BD}.Debug|x64.ActiveCfg = Debug|Any CPU
		{FF5743FA-F88B-4874-96D5-1E2BCCE7A8BD}.Debug|x64.Build.0 = Debug|Any CPU
		{FF5743FA-F88B-4874-96D5-1E2BCCE7A8BD}.Debug|x86.ActiveCfg = Debug|Any CPU
		{FF5743FA-F88B-4874-96D5-1E2BCCE7A8BD}.Debug|x86.Build.0 = Debug|Any CPU
		{FF5743FA-F88B-4874-96D5-1E2BCCE7A8BD}.Release|Any CPU.ActiveCfg = Release|Any CPU
		{FF5743FA-F88B-4874-96D5-1E2BCCE7A8BD}.Release|Any CPU.Build.0 = Release|Any CPU
		{FF5743FA-F88B-4874-96D5-1E2BCCE7A8BD}.Release|x64.ActiveCfg = Release|Any CPU
		{FF5743FA-F88B-4874-96D5-1E2BCCE7A8BD}.Release|x64.Build.0 = Release|Any CPU
		{FF5743FA-F88B-4874-96D5-1E2BCCE7A8BD}.Release|x86.ActiveCfg = Release|Any CPU
		{FF5743FA-F88B-4874-96D5-1E2BCCE7A8BD}.Release|x86.Build.0 = Release|Any CPU
		{741B4B1E-89E4-434C-8867-6129838AFD51}}.Debug|Any CPU.ActiveCfg = Debug|Any CPU
		{741B4B1E-89E4-434C-8867-6129838AFD51}}.Debug|Any CPU.Build.0 = Debug|Any CPU
		{741B4B1E-89E4-434C-8867-6129838AFD51}}.Debug|x64.ActiveCfg = Debug|Any CPU
		{741B4B1E-89E4-434C-8867-6129838AFD51}}.Debug|x64.Build.0 = Debug|Any CPU
		{741B4B1E-89E4-434C-8867-6129838AFD51}}.Debug|x86.ActiveCfg = Debug|Any CPU
		{741B4B1E-89E4-434C-8867-6129838AFD51}}.Debug|x86.Build.0 = Debug|Any CPU
		{741B4B1E-89E4-434C-8867-6129838AFD51}}.Release|Any CPU.ActiveCfg = Release|Any CPU
		{741B4B1E-89E4-434C-8867-6129838AFD51}}.Release|Any CPU.Build.0 = Release|Any CPU
		{741B4B1E-89E4-434C-8867-6129838AFD51}}.Release|x64.ActiveCfg = Release|Any CPU
		{741B4B1E-89E4-434C-8867-6129838AFD51}}.Release|x64.Build.0 = Release|Any CPU
		{741B4B1E-89E4-434C-8867-6129838AFD51}}.Release|x86.ActiveCfg = Release|Any CPU
		{741B4B1E-89E4-434C-8867-6129838AFD51}}.Release|x86.Build.0 = Release|Any CPU
		{FF11302E-6A9F-49AA-960A-9584BC4BDA26}.Debug|Any CPU.ActiveCfg = Debug|Any CPU
		{FF11302E-6A9F-49AA-960A-9584BC4BDA26}.Debug|Any CPU.Build.0 = Debug|Any CPU
		{FF11302E-6A9F-49AA-960A-9584BC4BDA26}.Debug|x64.ActiveCfg = Debug|Any CPU
		{FF11302E-6A9F-49AA-960A-9584BC4BDA26}.Debug|x64.Build.0 = Debug|Any CPU
		{FF11302E-6A9F-49AA-960A-9584BC4BDA26}.Debug|x86.ActiveCfg = Debug|Any CPU
		{FF11302E-6A9F-49AA-960A-9584BC4BDA26}.Debug|x86.Build.0 = Debug|Any CPU
		{FF11302E-6A9F-49AA-960A-9584BC4BDA26}.Release|Any CPU.ActiveCfg = Release|Any CPU
		{FF11302E-6A9F-49AA-960A-9584BC4BDA26}.Release|Any CPU.Build.0 = Release|Any CPU
		{FF11302E-6A9F-49AA-960A-9584BC4BDA26}.Release|x64.ActiveCfg = Release|Any CPU
		{FF11302E-6A9F-49AA-960A-9584BC4BDA26}.Release|x64.Build.0 = Release|Any CPU
		{FF11302E-6A9F-49AA-960A-9584BC4BDA26}.Release|x86.ActiveCfg = Release|Any CPU
		{FF11302E-6A9F-49AA-960A-9584BC4BDA26}.Release|x86.Build.0 = Release|Any CPU
		{309F4626-65AB-4033-82CE-C8B4CBDB7566}.Debug|Any CPU.ActiveCfg = Debug|Any CPU
		{309F4626-65AB-4033-82CE-C8B4CBDB7566}.Debug|Any CPU.Build.0 = Debug|Any CPU
		{309F4626-65AB-4033-82CE-C8B4CBDB7566}.Debug|x64.ActiveCfg = Debug|Any CPU
		{309F4626-65AB-4033-82CE-C8B4CBDB7566}.Debug|x64.Build.0 = Debug|Any CPU
		{309F4626-65AB-4033-82CE-C8B4CBDB7566}.Debug|x86.ActiveCfg = Debug|Any CPU
		{309F4626-65AB-4033-82CE-C8B4CBDB7566}.Debug|x86.Build.0 = Debug|Any CPU
		{309F4626-65AB-4033-82CE-C8B4CBDB7566}.Release|Any CPU.ActiveCfg = Release|Any CPU
		{309F4626-65AB-4033-82CE-C8B4CBDB7566}.Release|Any CPU.Build.0 = Release|Any CPU
		{309F4626-65AB-4033-82CE-C8B4CBDB7566}.Release|x64.ActiveCfg = Release|Any CPU
		{309F4626-65AB-4033-82CE-C8B4CBDB7566}.Release|x64.Build.0 = Release|Any CPU
		{309F4626-65AB-4033-82CE-C8B4CBDB7566}.Release|x86.ActiveCfg = Release|Any CPU
		{309F4626-65AB-4033-82CE-C8B4CBDB7566}.Release|x86.Build.0 = Release|Any CPU
	EndGlobalSection
	GlobalSection(SolutionProperties) = preSolution
		HideSolutionNode = FALSE
	EndGlobalSection
	GlobalSection(NestedProjects) = preSolution
		{B3201192-46D5-40C5-A24E-493EC66D8C9B} = {BF402782-D4F6-4F6B-A284-AA6D8B8AA39A}
		{1CCEF3CE-3E70-4A17-BCBD-73137881CEEB} = {BF402782-D4F6-4F6B-A284-AA6D8B8AA39A}
		{BC63B70D-1F03-4FF3-B823-12642D52CB74} = {BF402782-D4F6-4F6B-A284-AA6D8B8AA39A}
		{332EFBC3-D4C2-43A6-BBA8-F54956160BBB} = {BF402782-D4F6-4F6B-A284-AA6D8B8AA39A}
		{EF930FA9-8109-4869-A435-AE52213EABA4} = {BF402782-D4F6-4F6B-A284-AA6D8B8AA39A}
		{B75CFA34-0736-4986-8B41-C41BB4C2DF35} = {BF402782-D4F6-4F6B-A284-AA6D8B8AA39A}
		{D6FC6C8F-3CB7-495B-BB2E-879A18095434} = {472FB4BB-FCD4-45BF-B54D-A0096DF1F5B4}
		{329846B8-2E99-4DA0-A5AC-8E070B0A9A2F} = {472FB4BB-FCD4-45BF-B54D-A0096DF1F5B4}
		{B15F9E7C-1410-4B9F-845E-D0238B9E982F} = {472FB4BB-FCD4-45BF-B54D-A0096DF1F5B4}
		{FF5743FA-F88B-4874-96D5-1E2BCCE7A8BD} = {472FB4BB-FCD4-45BF-B54D-A0096DF1F5B4}
		{309F4626-65AB-4033-82CE-C8B4CBDB7566} = {472FB4BB-FCD4-45BF-B54D-A0096DF1F5B4}
	EndGlobalSection
	GlobalSection(ExtensibilityGlobals) = postSolution
		SolutionGuid = {51ECE597-0299-4753-B7F5-4E8EDECD7BB4}
	EndGlobalSection
EndGlobal
