
Microsoft Visual Studio Solution File, Format Version 12.00
# Visual Studio Version 17
VisualStudioVersion = 17.1.32210.238
MinimumVisualStudioVersion = 17.1.32210.238
Project("{9A19103F-16F7-4668-BE54-9A1E7A4F7556}") = "MonoGame.Framework.DesktopGL", "MonoGame.Framework\MonoGame.Framework.DesktopGL.csproj", "{5B5871CA-AD66-4B5E-B097-B7144CF1B570}"
EndProject
Project("{9A19103F-16F7-4668-BE54-9A1E7A4F7556}") = "MonoGame.Content.Builder", "Tools\MonoGame.Content.Builder\MonoGame.Content.Builder.csproj", "{B3201192-46D5-40C5-A24E-493EC66D8C9B}"
EndProject
Project("{9A19103F-16F7-4668-BE54-9A1E7A4F7556}") = "MonoGame.Effect.Compiler", "Tools\MonoGame.Effect.Compiler\MonoGame.Effect.Compiler.csproj", "{1CCEF3CE-3E70-4A17-BCBD-73137881CEEB}"
EndProject
Project("{9A19103F-16F7-4668-BE54-9A1E7A4F7556}") = "MonoGame.Content.Builder.Task", "Tools\MonoGame.Content.Builder.Task\MonoGame.Content.Builder.Task.csproj", "{BC63B70D-1F03-4FF3-B823-12642D52CB74}"
EndProject
Project("{9A19103F-16F7-4668-BE54-9A1E7A4F7556}") = "MonoGame.Templates.VSMacExtension", "Templates\MonoGame.Templates.VSMacExtension\MonoGame.Templates.VSMacExtension.csproj", "{5E9F1C86-8C62-4C8B-B354-AFEC30D643D4}"
EndProject
Project("{2150E333-8FDC-42A3-9474-1A3956D46DE8}") = "Framework.Content.Pipeline", "Framework.Content.Pipeline", "{7B3AE3AC-511B-4835-B677-B7F9BB22A296}"
EndProject
Project("{9A19103F-16F7-4668-BE54-9A1E7A4F7556}") = "Xna.Framework.Content.Pipeline", "src\Xna.Framework.Content.Pipeline\Xna.Framework.Content.Pipeline.csproj", "{D6FC6C8F-3CB7-495B-BB2E-879A18095434}"
EndProject
Project("{9A19103F-16F7-4668-BE54-9A1E7A4F7556}") = "Xna.Framework.Content.Pipeline.Audio", "src\Xna.Framework.Content.Pipeline.Audio\Xna.Framework.Content.Pipeline.Audio.csproj", "{309F4626-65AB-4033-82CE-C8B4CBDB7566}"
EndProject
Project("{9A19103F-16F7-4668-BE54-9A1E7A4F7556}") = "Xna.Framework.Content.Pipeline.Media", "src\Xna.Framework.Content.Pipeline.Media\Xna.Framework.Content.Pipeline.Media.csproj", "{B15F9E7C-1410-4B9F-845E-D0238B9E982F}"
EndProject
Project("{9A19103F-16F7-4668-BE54-9A1E7A4F7556}") = "Xna.Framework.Content.Pipeline.Graphics", "src\Xna.Framework.Content.Pipeline.Graphics\Xna.Framework.Content.Pipeline.Graphics.csproj", "{329846B8-2E99-4DA0-A5AC-8E070B0A9A2F}"
EndProject
Project("{9A19103F-16F7-4668-BE54-9A1E7A4F7556}") = "Xna.Framework.Content.Pipeline.Graphics.MojoProcessor", "src\Xna.Framework.Content.Pipeline.Graphics.MojoProcessor\Xna.Framework.Content.Pipeline.Graphics.MojoProcessor.csproj", "{FF5743FA-F88B-4874-96D5-1E2BCCE7A8BD}"
EndProject
Project("{9A19103F-16F7-4668-BE54-9A1E7A4F7556}") = "Xna.Framework", "src\Xna.Framework\Xna.Framework.csproj", "{741B4B1E-89E4-434C-8867-6129838AFD51}"
EndProject
Project("{9A19103F-16F7-4668-BE54-9A1E7A4F7556}") = "Xna.Framework.Graphics.PackedVector", "src\Xna.Framework.Graphics.PackedVector\Xna.Framework.Graphics.PackedVector.csproj", "{FF11302E-6A9F-49AA-960A-9584BC4BDA26}"
EndProject
Project("{9A19103F-16F7-4668-BE54-9A1E7A4F7556}") = "Xna.Framework.Content", "src\Xna.Framework.Content\Xna.Framework.Content.csproj", "{1DC4C439-A8A6-4A11-AB3B-A88DCBA05449}"
EndProject
Project("{9A19103F-16F7-4668-BE54-9A1E7A4F7556}") = "Xna.Framework.Graphics", "src\Xna.Framework.Graphics\Xna.Framework.Graphics.csproj", "{4B8D3F73-BBD2-4057-B86B-8B73B957DC0F}"
EndProject
Project("{9A19103F-16F7-4668-BE54-9A1E7A4F7556}") = "Xna.Framework.Audio", "src\Xna.Framework.Audio\Xna.Framework.Audio.csproj", "{3F81F76D-F0F3-44FE-A256-40AF153C33F7}"
EndProject
Project("{9A19103F-16F7-4668-BE54-9A1E7A4F7556}") = "XNA.Framework.Media", "src\Xna.Framework.Media\XNA.Framework.Media.csproj", "{6E0E6284-13FF-4DC7-8FC2-B6D756EAF1FD}"
EndProject
Global
	GlobalSection(SolutionConfigurationPlatforms) = preSolution
		Debug|Any CPU = Debug|Any CPU
		Debug|x64 = Debug|x64
		Debug|x86 = Debug|x86
		Release|Any CPU = Release|Any CPU
		Release|x64 = Release|x64
		Release|x86 = Release|x86
	EndGlobalSection
	GlobalSection(ProjectConfigurationPlatforms) = postSolution
		{5B5871CA-AD66-4B5E-B097-B7144CF1B570}.Debug|Any CPU.ActiveCfg = Debug|Any CPU
		{5B5871CA-AD66-4B5E-B097-B7144CF1B570}.Debug|Any CPU.Build.0 = Debug|Any CPU
		{5B5871CA-AD66-4B5E-B097-B7144CF1B570}.Debug|x64.ActiveCfg = Debug|Any CPU
		{5B5871CA-AD66-4B5E-B097-B7144CF1B570}.Debug|x64.Build.0 = Debug|Any CPU
		{5B5871CA-AD66-4B5E-B097-B7144CF1B570}.Debug|x86.ActiveCfg = Debug|Any CPU
		{5B5871CA-AD66-4B5E-B097-B7144CF1B570}.Debug|x86.Build.0 = Debug|Any CPU
		{5B5871CA-AD66-4B5E-B097-B7144CF1B570}.Release|Any CPU.ActiveCfg = Release|Any CPU
		{5B5871CA-AD66-4B5E-B097-B7144CF1B570}.Release|Any CPU.Build.0 = Release|Any CPU
		{5B5871CA-AD66-4B5E-B097-B7144CF1B570}.Release|x64.ActiveCfg = Release|Any CPU
		{5B5871CA-AD66-4B5E-B097-B7144CF1B570}.Release|x64.Build.0 = Release|Any CPU
		{5B5871CA-AD66-4B5E-B097-B7144CF1B570}.Release|x86.ActiveCfg = Release|Any CPU
		{5B5871CA-AD66-4B5E-B097-B7144CF1B570}.Release|x86.Build.0 = Release|Any CPU
		{B3201192-46D5-40C5-A24E-493EC66D8C9B}.Debug|Any CPU.ActiveCfg = Debug|Any CPU
		{B3201192-46D5-40C5-A24E-493EC66D8C9B}.Debug|Any CPU.Build.0 = Debug|Any CPU
		{B3201192-46D5-40C5-A24E-493EC66D8C9B}.Debug|x64.ActiveCfg = Debug|Any CPU
		{B3201192-46D5-40C5-A24E-493EC66D8C9B}.Debug|x64.Build.0 = Debug|Any CPU
		{B3201192-46D5-40C5-A24E-493EC66D8C9B}.Debug|x86.ActiveCfg = Debug|Any CPU
		{B3201192-46D5-40C5-A24E-493EC66D8C9B}.Debug|x86.Build.0 = Debug|Any CPU
		{B3201192-46D5-40C5-A24E-493EC66D8C9B}.Release|Any CPU.ActiveCfg = Release|Any CPU
		{B3201192-46D5-40C5-A24E-493EC66D8C9B}.Release|Any CPU.Build.0 = Release|Any CPU
		{B3201192-46D5-40C5-A24E-493EC66D8C9B}.Release|x64.ActiveCfg = Release|Any CPU
		{B3201192-46D5-40C5-A24E-493EC66D8C9B}.Release|x64.Build.0 = Release|Any CPU
		{B3201192-46D5-40C5-A24E-493EC66D8C9B}.Release|x86.ActiveCfg = Release|Any CPU
		{B3201192-46D5-40C5-A24E-493EC66D8C9B}.Release|x86.Build.0 = Release|Any CPU
		{1CCEF3CE-3E70-4A17-BCBD-73137881CEEB}.Debug|Any CPU.ActiveCfg = Debug|Any CPU
		{1CCEF3CE-3E70-4A17-BCBD-73137881CEEB}.Debug|Any CPU.Build.0 = Debug|Any CPU
		{1CCEF3CE-3E70-4A17-BCBD-73137881CEEB}.Debug|x64.ActiveCfg = Debug|Any CPU
		{1CCEF3CE-3E70-4A17-BCBD-73137881CEEB}.Debug|x64.Build.0 = Debug|Any CPU
		{1CCEF3CE-3E70-4A17-BCBD-73137881CEEB}.Debug|x86.ActiveCfg = Debug|Any CPU
		{1CCEF3CE-3E70-4A17-BCBD-73137881CEEB}.Debug|x86.Build.0 = Debug|Any CPU
		{1CCEF3CE-3E70-4A17-BCBD-73137881CEEB}.Release|Any CPU.ActiveCfg = Release|Any CPU
		{1CCEF3CE-3E70-4A17-BCBD-73137881CEEB}.Release|Any CPU.Build.0 = Release|Any CPU
		{1CCEF3CE-3E70-4A17-BCBD-73137881CEEB}.Release|x64.ActiveCfg = Release|Any CPU
		{1CCEF3CE-3E70-4A17-BCBD-73137881CEEB}.Release|x64.Build.0 = Release|Any CPU
		{1CCEF3CE-3E70-4A17-BCBD-73137881CEEB}.Release|x86.ActiveCfg = Release|Any CPU
		{1CCEF3CE-3E70-4A17-BCBD-73137881CEEB}.Release|x86.Build.0 = Release|Any CPU
		{BC63B70D-1F03-4FF3-B823-12642D52CB74}.Debug|Any CPU.ActiveCfg = Debug|Any CPU
		{BC63B70D-1F03-4FF3-B823-12642D52CB74}.Debug|Any CPU.Build.0 = Debug|Any CPU
		{BC63B70D-1F03-4FF3-B823-12642D52CB74}.Debug|x64.ActiveCfg = Debug|Any CPU
		{BC63B70D-1F03-4FF3-B823-12642D52CB74}.Debug|x64.Build.0 = Debug|Any CPU
		{BC63B70D-1F03-4FF3-B823-12642D52CB74}.Debug|x86.ActiveCfg = Debug|Any CPU
		{BC63B70D-1F03-4FF3-B823-12642D52CB74}.Debug|x86.Build.0 = Debug|Any CPU
		{BC63B70D-1F03-4FF3-B823-12642D52CB74}.Release|Any CPU.ActiveCfg = Release|Any CPU
		{BC63B70D-1F03-4FF3-B823-12642D52CB74}.Release|Any CPU.Build.0 = Release|Any CPU
		{BC63B70D-1F03-4FF3-B823-12642D52CB74}.Release|x64.ActiveCfg = Release|Any CPU
		{BC63B70D-1F03-4FF3-B823-12642D52CB74}.Release|x64.Build.0 = Release|Any CPU
		{BC63B70D-1F03-4FF3-B823-12642D52CB74}.Release|x86.ActiveCfg = Release|Any CPU
		{BC63B70D-1F03-4FF3-B823-12642D52CB74}.Release|x86.Build.0 = Release|Any CPU
		{5E9F1C86-8C62-4C8B-B354-AFEC30D643D4}.Debug|Any CPU.ActiveCfg = Debug|Any CPU
		{5E9F1C86-8C62-4C8B-B354-AFEC30D643D4}.Debug|Any CPU.Build.0 = Debug|Any CPU
		{5E9F1C86-8C62-4C8B-B354-AFEC30D643D4}.Debug|x64.ActiveCfg = Debug|Any CPU
		{5E9F1C86-8C62-4C8B-B354-AFEC30D643D4}.Debug|x64.Build.0 = Debug|Any CPU
		{5E9F1C86-8C62-4C8B-B354-AFEC30D643D4}.Debug|x86.ActiveCfg = Debug|Any CPU
		{5E9F1C86-8C62-4C8B-B354-AFEC30D643D4}.Debug|x86.Build.0 = Debug|Any CPU
		{5E9F1C86-8C62-4C8B-B354-AFEC30D643D4}.Release|Any CPU.ActiveCfg = Release|Any CPU
		{5E9F1C86-8C62-4C8B-B354-AFEC30D643D4}.Release|Any CPU.Build.0 = Release|Any CPU
		{5E9F1C86-8C62-4C8B-B354-AFEC30D643D4}.Release|x64.ActiveCfg = Release|Any CPU
		{5E9F1C86-8C62-4C8B-B354-AFEC30D643D4}.Release|x64.Build.0 = Release|Any CPU
		{5E9F1C86-8C62-4C8B-B354-AFEC30D643D4}.Release|x86.ActiveCfg = Release|Any CPU
		{5E9F1C86-8C62-4C8B-B354-AFEC30D643D4}.Release|x86.Build.0 = Release|Any CPU
		{8B99D4DB-7944-4176-B508-AE70D488CBA7}.Debug|Any CPU.ActiveCfg = Debug|Any CPU
		{8B99D4DB-7944-4176-B508-AE70D488CBA7}.Debug|Any CPU.Build.0 = Debug|Any CPU
		{8B99D4DB-7944-4176-B508-AE70D488CBA7}.Debug|x64.ActiveCfg = Debug|Any CPU
		{8B99D4DB-7944-4176-B508-AE70D488CBA7}.Debug|x64.Build.0 = Debug|Any CPU
		{8B99D4DB-7944-4176-B508-AE70D488CBA7}.Debug|x86.ActiveCfg = Debug|Any CPU
		{8B99D4DB-7944-4176-B508-AE70D488CBA7}.Debug|x86.Build.0 = Debug|Any CPU
		{8B99D4DB-7944-4176-B508-AE70D488CBA7}.Release|Any CPU.ActiveCfg = Release|Any CPU
		{8B99D4DB-7944-4176-B508-AE70D488CBA7}.Release|Any CPU.Build.0 = Release|Any CPU
		{8B99D4DB-7944-4176-B508-AE70D488CBA7}.Release|x64.ActiveCfg = Release|Any CPU
		{8B99D4DB-7944-4176-B508-AE70D488CBA7}.Release|x64.Build.0 = Release|Any CPU
		{8B99D4DB-7944-4176-B508-AE70D488CBA7}.Release|x86.ActiveCfg = Release|Any CPU
		{8B99D4DB-7944-4176-B508-AE70D488CBA7}.Release|x86.Build.0 = Release|Any CPU
		{D8D46A0E-0A82-4C81-8A25-EB7C8170F227}.Debug|Any CPU.ActiveCfg = Debug|Any CPU
		{D8D46A0E-0A82-4C81-8A25-EB7C8170F227}.Debug|Any CPU.Build.0 = Debug|Any CPU
		{D8D46A0E-0A82-4C81-8A25-EB7C8170F227}.Debug|x64.ActiveCfg = Debug|Any CPU
		{D8D46A0E-0A82-4C81-8A25-EB7C8170F227}.Debug|x64.Build.0 = Debug|Any CPU
		{D8D46A0E-0A82-4C81-8A25-EB7C8170F227}.Debug|x86.ActiveCfg = Debug|Any CPU
		{D8D46A0E-0A82-4C81-8A25-EB7C8170F227}.Debug|x86.Build.0 = Debug|Any CPU
		{D8D46A0E-0A82-4C81-8A25-EB7C8170F227}.Release|Any CPU.ActiveCfg = Release|Any CPU
		{D8D46A0E-0A82-4C81-8A25-EB7C8170F227}.Release|Any CPU.Build.0 = Release|Any CPU
		{D8D46A0E-0A82-4C81-8A25-EB7C8170F227}.Release|x64.ActiveCfg = Release|Any CPU
		{D8D46A0E-0A82-4C81-8A25-EB7C8170F227}.Release|x64.Build.0 = Release|Any CPU
		{D8D46A0E-0A82-4C81-8A25-EB7C8170F227}.Release|x86.ActiveCfg = Release|Any CPU
		{D8D46A0E-0A82-4C81-8A25-EB7C8170F227}.Release|x86.Build.0 = Release|Any CPU
		{BE9A6E0C-242B-436B-AB06-8F632A981F95}.Debug|Any CPU.ActiveCfg = Debug|Any CPU
		{BE9A6E0C-242B-436B-AB06-8F632A981F95}.Debug|Any CPU.Build.0 = Debug|Any CPU
		{BE9A6E0C-242B-436B-AB06-8F632A981F95}.Debug|x64.ActiveCfg = Debug|Any CPU
		{BE9A6E0C-242B-436B-AB06-8F632A981F95}.Debug|x64.Build.0 = Debug|Any CPU
		{BE9A6E0C-242B-436B-AB06-8F632A981F95}.Debug|x86.ActiveCfg = Debug|Any CPU
		{BE9A6E0C-242B-436B-AB06-8F632A981F95}.Debug|x86.Build.0 = Debug|Any CPU
		{BE9A6E0C-242B-436B-AB06-8F632A981F95}.Release|Any CPU.ActiveCfg = Release|Any CPU
		{BE9A6E0C-242B-436B-AB06-8F632A981F95}.Release|Any CPU.Build.0 = Release|Any CPU
		{BE9A6E0C-242B-436B-AB06-8F632A981F95}.Release|x64.ActiveCfg = Release|Any CPU
		{BE9A6E0C-242B-436B-AB06-8F632A981F95}.Release|x64.Build.0 = Release|Any CPU
		{BE9A6E0C-242B-436B-AB06-8F632A981F95}.Release|x86.ActiveCfg = Release|Any CPU
		{BE9A6E0C-242B-436B-AB06-8F632A981F95}.Release|x86.Build.0 = Release|Any CPU
		{D6545053-0010-4166-BFE0-4002F6E7DA19}.Debug|Any CPU.ActiveCfg = Debug|Any CPU
		{D6545053-0010-4166-BFE0-4002F6E7DA19}.Debug|Any CPU.Build.0 = Debug|Any CPU
		{D6545053-0010-4166-BFE0-4002F6E7DA19}.Debug|x64.ActiveCfg = Debug|Any CPU
		{D6545053-0010-4166-BFE0-4002F6E7DA19}.Debug|x64.Build.0 = Debug|Any CPU
		{D6545053-0010-4166-BFE0-4002F6E7DA19}.Debug|x86.ActiveCfg = Debug|Any CPU
		{D6545053-0010-4166-BFE0-4002F6E7DA19}.Debug|x86.Build.0 = Debug|Any CPU
		{D6545053-0010-4166-BFE0-4002F6E7DA19}.Release|Any CPU.ActiveCfg = Release|Any CPU
		{D6545053-0010-4166-BFE0-4002F6E7DA19}.Release|Any CPU.Build.0 = Release|Any CPU
		{D6545053-0010-4166-BFE0-4002F6E7DA19}.Release|x64.ActiveCfg = Release|Any CPU
		{D6545053-0010-4166-BFE0-4002F6E7DA19}.Release|x64.Build.0 = Release|Any CPU
		{D6545053-0010-4166-BFE0-4002F6E7DA19}.Release|x86.ActiveCfg = Release|Any CPU
		{D6545053-0010-4166-BFE0-4002F6E7DA19}.Release|x86.Build.0 = Release|Any CPU
		{3714938E-9772-4609-8952-E3A9B97999BB}.Debug|Any CPU.ActiveCfg = Debug|Any CPU
		{3714938E-9772-4609-8952-E3A9B97999BB}.Debug|Any CPU.Build.0 = Debug|Any CPU
		{3714938E-9772-4609-8952-E3A9B97999BB}.Debug|x64.ActiveCfg = Debug|Any CPU
		{3714938E-9772-4609-8952-E3A9B97999BB}.Debug|x64.Build.0 = Debug|Any CPU
		{3714938E-9772-4609-8952-E3A9B97999BB}.Debug|x86.ActiveCfg = Debug|Any CPU
		{3714938E-9772-4609-8952-E3A9B97999BB}.Debug|x86.Build.0 = Debug|Any CPU
		{3714938E-9772-4609-8952-E3A9B97999BB}.Release|Any CPU.ActiveCfg = Release|Any CPU
		{3714938E-9772-4609-8952-E3A9B97999BB}.Release|Any CPU.Build.0 = Release|Any CPU
		{3714938E-9772-4609-8952-E3A9B97999BB}.Release|x64.ActiveCfg = Release|Any CPU
		{3714938E-9772-4609-8952-E3A9B97999BB}.Release|x64.Build.0 = Release|Any CPU
		{3714938E-9772-4609-8952-E3A9B97999BB}.Release|x86.ActiveCfg = Release|Any CPU
		{3714938E-9772-4609-8952-E3A9B97999BB}.Release|x86.Build.0 = Release|Any CPU
		{741B4B1E-89E4-434C-8867-6129838AFD51}.Debug|Any CPU.ActiveCfg = Debug|Any CPU
		{741B4B1E-89E4-434C-8867-6129838AFD51}.Debug|Any CPU.Build.0 = Debug|Any CPU
		{741B4B1E-89E4-434C-8867-6129838AFD51}.Debug|x64.ActiveCfg = Debug|Any CPU
		{741B4B1E-89E4-434C-8867-6129838AFD51}.Debug|x64.Build.0 = Debug|Any CPU
		{741B4B1E-89E4-434C-8867-6129838AFD51}.Debug|x86.ActiveCfg = Debug|Any CPU
		{741B4B1E-89E4-434C-8867-6129838AFD51}.Debug|x86.Build.0 = Debug|Any CPU
		{741B4B1E-89E4-434C-8867-6129838AFD51}.Release|Any CPU.ActiveCfg = Release|Any CPU
		{741B4B1E-89E4-434C-8867-6129838AFD51}.Release|Any CPU.Build.0 = Release|Any CPU
		{741B4B1E-89E4-434C-8867-6129838AFD51}.Release|x64.ActiveCfg = Release|Any CPU
		{741B4B1E-89E4-434C-8867-6129838AFD51}.Release|x64.Build.0 = Release|Any CPU
		{741B4B1E-89E4-434C-8867-6129838AFD51}.Release|x86.ActiveCfg = Release|Any CPU
		{741B4B1E-89E4-434C-8867-6129838AFD51}.Release|x86.Build.0 = Release|Any CPU
		{FF11302E-6A9F-49AA-960A-9584BC4BDA26}.Debug|Any CPU.ActiveCfg = Debug|Any CPU
		{FF11302E-6A9F-49AA-960A-9584BC4BDA26}.Debug|Any CPU.Build.0 = Debug|Any CPU
		{FF11302E-6A9F-49AA-960A-9584BC4BDA26}.Debug|x64.ActiveCfg = Debug|Any CPU
		{FF11302E-6A9F-49AA-960A-9584BC4BDA26}.Debug|x64.Build.0 = Debug|Any CPU
		{FF11302E-6A9F-49AA-960A-9584BC4BDA26}.Debug|x86.ActiveCfg = Debug|Any CPU
		{FF11302E-6A9F-49AA-960A-9584BC4BDA26}.Debug|x86.Build.0 = Debug|Any CPU
		{FF11302E-6A9F-49AA-960A-9584BC4BDA26}.Release|Any CPU.ActiveCfg = Release|Any CPU
		{FF11302E-6A9F-49AA-960A-9584BC4BDA26}.Release|Any CPU.Build.0 = Release|Any CPU
		{FF11302E-6A9F-49AA-960A-9584BC4BDA26}.Release|x64.ActiveCfg = Release|Any CPU
		{FF11302E-6A9F-49AA-960A-9584BC4BDA26}.Release|x64.Build.0 = Release|Any CPU
		{FF11302E-6A9F-49AA-960A-9584BC4BDA26}.Release|x86.ActiveCfg = Release|Any CPU
		{FF11302E-6A9F-49AA-960A-9584BC4BDA26}.Release|x86.Build.0 = Release|Any CPU
		{1DC4C439-A8A6-4A11-AB3B-A88DCBA05449}.Debug|Any CPU.ActiveCfg = Debug|Any CPU
		{1DC4C439-A8A6-4A11-AB3B-A88DCBA05449}.Debug|Any CPU.Build.0 = Debug|Any CPU
		{1DC4C439-A8A6-4A11-AB3B-A88DCBA05449}.Debug|x64.ActiveCfg = Debug|Any CPU
		{1DC4C439-A8A6-4A11-AB3B-A88DCBA05449}.Debug|x64.Build.0 = Debug|Any CPU
		{1DC4C439-A8A6-4A11-AB3B-A88DCBA05449}.Debug|x86.ActiveCfg = Debug|Any CPU
		{1DC4C439-A8A6-4A11-AB3B-A88DCBA05449}.Debug|x86.Build.0 = Debug|Any CPU
		{1DC4C439-A8A6-4A11-AB3B-A88DCBA05449}.Release|Any CPU.ActiveCfg = Release|Any CPU
		{1DC4C439-A8A6-4A11-AB3B-A88DCBA05449}.Release|Any CPU.Build.0 = Release|Any CPU
		{1DC4C439-A8A6-4A11-AB3B-A88DCBA05449}.Release|x64.ActiveCfg = Release|Any CPU
		{1DC4C439-A8A6-4A11-AB3B-A88DCBA05449}.Release|x64.Build.0 = Release|Any CPU
		{1DC4C439-A8A6-4A11-AB3B-A88DCBA05449}.Release|x86.ActiveCfg = Release|Any CPU
		{1DC4C439-A8A6-4A11-AB3B-A88DCBA05449}.Release|x86.Build.0 = Release|Any CPU
		{4B8D3F73-BBD2-4057-B86B-8B73B957DC0F}.Debug|Any CPU.ActiveCfg = Debug|Any CPU
		{4B8D3F73-BBD2-4057-B86B-8B73B957DC0F}.Debug|Any CPU.Build.0 = Debug|Any CPU
		{4B8D3F73-BBD2-4057-B86B-8B73B957DC0F}.Debug|x64.ActiveCfg = Debug|Any CPU
		{4B8D3F73-BBD2-4057-B86B-8B73B957DC0F}.Debug|x64.Build.0 = Debug|Any CPU
		{4B8D3F73-BBD2-4057-B86B-8B73B957DC0F}.Debug|x86.ActiveCfg = Debug|Any CPU
		{4B8D3F73-BBD2-4057-B86B-8B73B957DC0F}.Debug|x86.Build.0 = Debug|Any CPU
		{4B8D3F73-BBD2-4057-B86B-8B73B957DC0F}.Release|Any CPU.ActiveCfg = Release|Any CPU
		{4B8D3F73-BBD2-4057-B86B-8B73B957DC0F}.Release|Any CPU.Build.0 = Release|Any CPU
		{4B8D3F73-BBD2-4057-B86B-8B73B957DC0F}.Release|x64.ActiveCfg = Release|Any CPU
		{4B8D3F73-BBD2-4057-B86B-8B73B957DC0F}.Release|x64.Build.0 = Release|Any CPU
		{4B8D3F73-BBD2-4057-B86B-8B73B957DC0F}.Release|x86.ActiveCfg = Release|Any CPU
		{4B8D3F73-BBD2-4057-B86B-8B73B957DC0F}.Release|x86.Build.0 = Release|Any CPU
		{3F81F76D-F0F3-44FE-A256-40AF153C33F7}.Debug|Any CPU.ActiveCfg = Debug|Any CPU
		{3F81F76D-F0F3-44FE-A256-40AF153C33F7}.Debug|Any CPU.Build.0 = Debug|Any CPU
		{3F81F76D-F0F3-44FE-A256-40AF153C33F7}.Debug|x64.ActiveCfg = Debug|Any CPU
		{3F81F76D-F0F3-44FE-A256-40AF153C33F7}.Debug|x64.Build.0 = Debug|Any CPU
		{3F81F76D-F0F3-44FE-A256-40AF153C33F7}.Debug|x86.ActiveCfg = Debug|Any CPU
		{3F81F76D-F0F3-44FE-A256-40AF153C33F7}.Debug|x86.Build.0 = Debug|Any CPU
		{3F81F76D-F0F3-44FE-A256-40AF153C33F7}.Release|Any CPU.ActiveCfg = Release|Any CPU
		{3F81F76D-F0F3-44FE-A256-40AF153C33F7}.Release|Any CPU.Build.0 = Release|Any CPU
		{3F81F76D-F0F3-44FE-A256-40AF153C33F7}.Release|x64.ActiveCfg = Release|Any CPU
		{3F81F76D-F0F3-44FE-A256-40AF153C33F7}.Release|x64.Build.0 = Release|Any CPU
		{3F81F76D-F0F3-44FE-A256-40AF153C33F7}.Release|x86.ActiveCfg = Release|Any CPU
		{3F81F76D-F0F3-44FE-A256-40AF153C33F7}.Release|x86.Build.0 = Release|Any CPU
		{6E0E6284-13FF-4DC7-8FC2-B6D756EAF1FD}.Debug|Any CPU.ActiveCfg = Debug|Any CPU
		{6E0E6284-13FF-4DC7-8FC2-B6D756EAF1FD}.Debug|Any CPU.Build.0 = Debug|Any CPU
		{6E0E6284-13FF-4DC7-8FC2-B6D756EAF1FD}.Debug|x64.ActiveCfg = Debug|Any CPU
		{6E0E6284-13FF-4DC7-8FC2-B6D756EAF1FD}.Debug|x64.Build.0 = Debug|Any CPU
		{6E0E6284-13FF-4DC7-8FC2-B6D756EAF1FD}.Debug|x86.ActiveCfg = Debug|Any CPU
		{6E0E6284-13FF-4DC7-8FC2-B6D756EAF1FD}.Debug|x86.Build.0 = Debug|Any CPU
		{6E0E6284-13FF-4DC7-8FC2-B6D756EAF1FD}.Release|Any CPU.ActiveCfg = Release|Any CPU
		{6E0E6284-13FF-4DC7-8FC2-B6D756EAF1FD}.Release|Any CPU.Build.0 = Release|Any CPU
		{6E0E6284-13FF-4DC7-8FC2-B6D756EAF1FD}.Release|x64.ActiveCfg = Release|Any CPU
		{6E0E6284-13FF-4DC7-8FC2-B6D756EAF1FD}.Release|x64.Build.0 = Release|Any CPU
		{6E0E6284-13FF-4DC7-8FC2-B6D756EAF1FD}.Release|x86.ActiveCfg = Release|Any CPU
		{6E0E6284-13FF-4DC7-8FC2-B6D756EAF1FD}.Release|x86.Build.0 = Release|Any CPU
	EndGlobalSection
	GlobalSection(SolutionProperties) = preSolution
		HideSolutionNode = FALSE
	EndGlobalSection
	GlobalSection(NestedProjects) = preSolution
		{8B99D4DB-7944-4176-B508-AE70D488CBA7} = {7B3AE3AC-511B-4835-B677-B7F9BB22A296}
		{D8D46A0E-0A82-4C81-8A25-EB7C8170F227} = {7B3AE3AC-511B-4835-B677-B7F9BB22A296}
		{BE9A6E0C-242B-436B-AB06-8F632A981F95} = {7B3AE3AC-511B-4835-B677-B7F9BB22A296}
		{D6545053-0010-4166-BFE0-4002F6E7DA19} = {7B3AE3AC-511B-4835-B677-B7F9BB22A296}
		{3714938E-9772-4609-8952-E3A9B97999BB} = {7B3AE3AC-511B-4835-B677-B7F9BB22A296}
	EndGlobalSection
	GlobalSection(ExtensibilityGlobals) = postSolution
		SolutionGuid = {1F3D65DD-4771-4627-84FB-4A001F338B6C}
	EndGlobalSection
EndGlobal
