
Microsoft Visual Studio Solution File, Format Version 12.00
# Visual Studio Version 17
VisualStudioVersion = 17.1.32210.238
MinimumVisualStudioVersion = 17.1.32210.238
Project("{2150E333-8FDC-42A3-9474-1A3956D46DE8}") = "Tools", "Tools", "{BF402782-D4F6-4F6B-A284-AA6D8B8AA39A}"
EndProject
Project("{9A19103F-16F7-4668-BE54-9A1E7A4F7556}") = "MonoGame.Content.Builder", "Tools\MonoGame.Content.Builder\MonoGame.Content.Builder.csproj", "{B3201192-46D5-40C5-A24E-493EC66D8C9B}"
EndProject
Project("{2150E333-8FDC-42A3-9474-1A3956D46DE8}") = "Content.Pipeline", "Content.Pipeline", "{472FB4BB-FCD4-45BF-B54D-A0096DF1F5B4}"
EndProject
Project("{9A19103F-16F7-4668-BE54-9A1E7A4F7556}") = "XNA.Framework.WindowsDX11", "MonoGame.Framework\XNA.Framework.WindowsDX11.csproj", "{7DE47032-A904-4C29-BD22-2D235E8D91BA}"
EndProject
Project("{9A19103F-16F7-4668-BE54-9A1E7A4F7556}") = "Xna.Framework.Content.Pipeline", "src\Xna.Framework.Content.Pipeline\Xna.Framework.Content.Pipeline.csproj", "{D6FC6C8F-3CB7-495B-BB2E-879A18095434}"
EndProject
Project("{9A19103F-16F7-4668-BE54-9A1E7A4F7556}") = "Xna.Framework.Content.Pipeline.Audio", "src\Xna.Framework.Content.Pipeline.Audio\Xna.Framework.Content.Pipeline.Audio.csproj", "{309F4626-65AB-4033-82CE-C8B4CBDB7566}"
EndProject
Project("{9A19103F-16F7-4668-BE54-9A1E7A4F7556}") = "Xna.Framework.Content.Pipeline.Media", "src\Xna.Framework.Content.Pipeline.Media\Xna.Framework.Content.Pipeline.Media.csproj", "{B15F9E7C-1410-4B9F-845E-D0238B9E982F}"
EndProject
Project("{9A19103F-16F7-4668-BE54-9A1E7A4F7556}") = "Xna.Framework.Content.Pipeline.Graphics", "src\Xna.Framework.Content.Pipeline.Graphics\Xna.Framework.Content.Pipeline.Graphics.csproj", "{329846B8-2E99-4DA0-A5AC-8E070B0A9A2F}"
EndProject
Project("{9A19103F-16F7-4668-BE54-9A1E7A4F7556}") = "Xna.Framework.Content.Pipeline.Graphics.MojoProcessor", "src\Xna.Framework.Content.Pipeline.Graphics.MojoProcessor\Xna.Framework.Content.Pipeline.Graphics.MojoProcessor.csproj", "{FF5743FA-F88B-4874-96D5-1E2BCCE7A8BD}"
EndProject
Project("{9A19103F-16F7-4668-BE54-9A1E7A4F7556}") = "Xna.Framework", "src\Xna.Framework\Xna.Framework.csproj", "{741B4B1E-89E4-434C-8867-6129838AFD51}"
EndProject
Project("{9A19103F-16F7-4668-BE54-9A1E7A4F7556}") = "Xna.Framework.Content", "src\Xna.Framework.Content\Xna.Framework.Content.csproj", "{1DC4C439-A8A6-4A11-AB3B-A88DCBA05449}"
EndProject
Project("{9A19103F-16F7-4668-BE54-9A1E7A4F7556}") = "Xna.Framework.Graphics", "src\Xna.Framework.Graphics\Xna.Framework.Graphics.csproj", "{4B8D3F73-BBD2-4057-B86B-8B73B957DC0F}"
EndProject
Project("{9A19103F-16F7-4668-BE54-9A1E7A4F7556}") = "Xna.Framework.Audio", "src\Xna.Framework.Audio\Xna.Framework.Audio.csproj", "{3F81F76D-F0F3-44FE-A256-40AF153C33F7}"
EndProject
Project("{9A19103F-16F7-4668-BE54-9A1E7A4F7556}") = "XNA.Framework.Media", "src\Xna.Framework.Media\XNA.Framework.Media.csproj", "{6E0E6284-13FF-4DC7-8FC2-B6D756EAF1FD}"
EndProject
Global
	GlobalSection(SolutionConfigurationPlatforms) = preSolution
		Debug|Any CPU = Debug|Any CPU
		Debug|x64 = Debug|x64
		Debug|x86 = Debug|x86
		Release|Any CPU = Release|Any CPU
		Release|x64 = Release|x64
		Release|x86 = Release|x86
	EndGlobalSection
	GlobalSection(ProjectConfigurationPlatforms) = postSolution
		{B3201192-46D5-40C5-A24E-493EC66D8C9B}.Debug|Any CPU.ActiveCfg = Debug|Any CPU
		{B3201192-46D5-40C5-A24E-493EC66D8C9B}.Debug|Any CPU.Build.0 = Debug|Any CPU
		{B3201192-46D5-40C5-A24E-493EC66D8C9B}.Debug|x64.ActiveCfg = Debug|Any CPU
		{B3201192-46D5-40C5-A24E-493EC66D8C9B}.Debug|x64.Build.0 = Debug|Any CPU
		{B3201192-46D5-40C5-A24E-493EC66D8C9B}.Debug|x86.ActiveCfg = Debug|Any CPU
		{B3201192-46D5-40C5-A24E-493EC66D8C9B}.Debug|x86.Build.0 = Debug|Any CPU
		{B3201192-46D5-40C5-A24E-493EC66D8C9B}.Release|Any CPU.ActiveCfg = Release|Any CPU
		{B3201192-46D5-40C5-A24E-493EC66D8C9B}.Release|Any CPU.Build.0 = Release|Any CPU
		{B3201192-46D5-40C5-A24E-493EC66D8C9B}.Release|x64.ActiveCfg = Release|Any CPU
		{B3201192-46D5-40C5-A24E-493EC66D8C9B}.Release|x64.Build.0 = Release|Any CPU
		{B3201192-46D5-40C5-A24E-493EC66D8C9B}.Release|x86.ActiveCfg = Release|Any CPU
		{B3201192-46D5-40C5-A24E-493EC66D8C9B}.Release|x86.Build.0 = Release|Any CPU
		{7DE47032-A904-4C29-BD22-2D235E8D91BA}.Debug|Any CPU.ActiveCfg = Debug|Any CPU
		{7DE47032-A904-4C29-BD22-2D235E8D91BA}.Debug|Any CPU.Build.0 = Debug|Any CPU
		{7DE47032-A904-4C29-BD22-2D235E8D91BA}.Debug|x64.ActiveCfg = Debug|Any CPU
		{7DE47032-A904-4C29-BD22-2D235E8D91BA}.Debug|x64.Build.0 = Debug|Any CPU
		{7DE47032-A904-4C29-BD22-2D235E8D91BA}.Debug|x86.ActiveCfg = Debug|Any CPU
		{7DE47032-A904-4C29-BD22-2D235E8D91BA}.Debug|x86.Build.0 = Debug|Any CPU
		{7DE47032-A904-4C29-BD22-2D235E8D91BA}.Release|Any CPU.ActiveCfg = Release|Any CPU
		{7DE47032-A904-4C29-BD22-2D235E8D91BA}.Release|Any CPU.Build.0 = Release|Any CPU
		{7DE47032-A904-4C29-BD22-2D235E8D91BA}.Release|x64.ActiveCfg = Release|Any CPU
		{7DE47032-A904-4C29-BD22-2D235E8D91BA}.Release|x64.Build.0 = Release|Any CPU
		{7DE47032-A904-4C29-BD22-2D235E8D91BA}.Release|x86.ActiveCfg = Release|Any CPU
		{7DE47032-A904-4C29-BD22-2D235E8D91BA}.Release|x86.Build.0 = Release|Any CPU
		{D6FC6C8F-3CB7-495B-BB2E-879A18095434}.Debug|Any CPU.ActiveCfg = Debug|Any CPU
		{D6FC6C8F-3CB7-495B-BB2E-879A18095434}.Debug|Any CPU.Build.0 = Debug|Any CPU
		{D6FC6C8F-3CB7-495B-BB2E-879A18095434}.Debug|x64.ActiveCfg = Debug|Any CPU
		{D6FC6C8F-3CB7-495B-BB2E-879A18095434}.Debug|x64.Build.0 = Debug|Any CPU
		{D6FC6C8F-3CB7-495B-BB2E-879A18095434}.Debug|x86.ActiveCfg = Debug|Any CPU
		{D6FC6C8F-3CB7-495B-BB2E-879A18095434}.Debug|x86.Build.0 = Debug|Any CPU
		{D6FC6C8F-3CB7-495B-BB2E-879A18095434}.Release|Any CPU.ActiveCfg = Release|Any CPU
		{D6FC6C8F-3CB7-495B-BB2E-879A18095434}.Release|Any CPU.Build.0 = Release|Any CPU
		{D6FC6C8F-3CB7-495B-BB2E-879A18095434}.Release|x64.ActiveCfg = Release|Any CPU
		{D6FC6C8F-3CB7-495B-BB2E-879A18095434}.Release|x64.Build.0 = Release|Any CPU
		{D6FC6C8F-3CB7-495B-BB2E-879A18095434}.Release|x86.ActiveCfg = Release|Any CPU
		{D6FC6C8F-3CB7-495B-BB2E-879A18095434}.Release|x86.Build.0 = Release|Any CPU
		{309F4626-65AB-4033-82CE-C8B4CBDB7566}.Debug|Any CPU.ActiveCfg = Debug|Any CPU
		{309F4626-65AB-4033-82CE-C8B4CBDB7566}.Debug|Any CPU.Build.0 = Debug|Any CPU
		{309F4626-65AB-4033-82CE-C8B4CBDB7566}.Debug|x64.ActiveCfg = Debug|Any CPU
		{309F4626-65AB-4033-82CE-C8B4CBDB7566}.Debug|x64.Build.0 = Debug|Any CPU
		{309F4626-65AB-4033-82CE-C8B4CBDB7566}.Debug|x86.ActiveCfg = Debug|Any CPU
		{309F4626-65AB-4033-82CE-C8B4CBDB7566}.Debug|x86.Build.0 = Debug|Any CPU
		{309F4626-65AB-4033-82CE-C8B4CBDB7566}.Release|Any CPU.ActiveCfg = Release|Any CPU
		{309F4626-65AB-4033-82CE-C8B4CBDB7566}.Release|Any CPU.Build.0 = Release|Any CPU
		{309F4626-65AB-4033-82CE-C8B4CBDB7566}.Release|x64.ActiveCfg = Release|Any CPU
		{309F4626-65AB-4033-82CE-C8B4CBDB7566}.Release|x64.Build.0 = Release|Any CPU
		{309F4626-65AB-4033-82CE-C8B4CBDB7566}.Release|x86.ActiveCfg = Release|Any CPU
		{309F4626-65AB-4033-82CE-C8B4CBDB7566}.Release|x86.Build.0 = Release|Any CPU
		{B15F9E7C-1410-4B9F-845E-D0238B9E982F}.Debug|Any CPU.ActiveCfg = Debug|Any CPU
		{B15F9E7C-1410-4B9F-845E-D0238B9E982F}.Debug|Any CPU.Build.0 = Debug|Any CPU
		{B15F9E7C-1410-4B9F-845E-D0238B9E982F}.Debug|x64.ActiveCfg = Debug|Any CPU
		{B15F9E7C-1410-4B9F-845E-D0238B9E982F}.Debug|x64.Build.0 = Debug|Any CPU
		{B15F9E7C-1410-4B9F-845E-D0238B9E982F}.Debug|x86.ActiveCfg = Debug|Any CPU
		{B15F9E7C-1410-4B9F-845E-D0238B9E982F}.Debug|x86.Build.0 = Debug|Any CPU
		{B15F9E7C-1410-4B9F-845E-D0238B9E982F}.Release|Any CPU.ActiveCfg = Release|Any CPU
		{B15F9E7C-1410-4B9F-845E-D0238B9E982F}.Release|Any CPU.Build.0 = Release|Any CPU
		{B15F9E7C-1410-4B9F-845E-D0238B9E982F}.Release|x64.ActiveCfg = Release|Any CPU
		{B15F9E7C-1410-4B9F-845E-D0238B9E982F}.Release|x64.Build.0 = Release|Any CPU
		{B15F9E7C-1410-4B9F-845E-D0238B9E982F}.Release|x86.ActiveCfg = Release|Any CPU
		{B15F9E7C-1410-4B9F-845E-D0238B9E982F}.Release|x86.Build.0 = Release|Any CPU
		{329846B8-2E99-4DA0-A5AC-8E070B0A9A2F}.Debug|Any CPU.ActiveCfg = Debug|Any CPU
		{329846B8-2E99-4DA0-A5AC-8E070B0A9A2F}.Debug|Any CPU.Build.0 = Debug|Any CPU
		{329846B8-2E99-4DA0-A5AC-8E070B0A9A2F}.Debug|x64.ActiveCfg = Debug|Any CPU
		{329846B8-2E99-4DA0-A5AC-8E070B0A9A2F}.Debug|x64.Build.0 = Debug|Any CPU
		{329846B8-2E99-4DA0-A5AC-8E070B0A9A2F}.Debug|x86.ActiveCfg = Debug|Any CPU
		{329846B8-2E99-4DA0-A5AC-8E070B0A9A2F}.Debug|x86.Build.0 = Debug|Any CPU
		{329846B8-2E99-4DA0-A5AC-8E070B0A9A2F}.Release|Any CPU.ActiveCfg = Release|Any CPU
		{329846B8-2E99-4DA0-A5AC-8E070B0A9A2F}.Release|Any CPU.Build.0 = Release|Any CPU
		{329846B8-2E99-4DA0-A5AC-8E070B0A9A2F}.Release|x64.ActiveCfg = Release|Any CPU
		{329846B8-2E99-4DA0-A5AC-8E070B0A9A2F}.Release|x64.Build.0 = Release|Any CPU
		{329846B8-2E99-4DA0-A5AC-8E070B0A9A2F}.Release|x86.ActiveCfg = Release|Any CPU
		{329846B8-2E99-4DA0-A5AC-8E070B0A9A2F}.Release|x86.Build.0 = Release|Any CPU
		{FF5743FA-F88B-4874-96D5-1E2BCCE7A8BD}.Debug|Any CPU.ActiveCfg = Debug|Any CPU
		{FF5743FA-F88B-4874-96D5-1E2BCCE7A8BD}.Debug|Any CPU.Build.0 = Debug|Any CPU
		{FF5743FA-F88B-4874-96D5-1E2BCCE7A8BD}.Debug|x64.ActiveCfg = Debug|Any CPU
		{FF5743FA-F88B-4874-96D5-1E2BCCE7A8BD}.Debug|x64.Build.0 = Debug|Any CPU
		{FF5743FA-F88B-4874-96D5-1E2BCCE7A8BD}.Debug|x86.ActiveCfg = Debug|Any CPU
		{FF5743FA-F88B-4874-96D5-1E2BCCE7A8BD}.Debug|x86.Build.0 = Debug|Any CPU
		{FF5743FA-F88B-4874-96D5-1E2BCCE7A8BD}.Release|Any CPU.ActiveCfg = Release|Any CPU
		{FF5743FA-F88B-4874-96D5-1E2BCCE7A8BD}.Release|Any CPU.Build.0 = Release|Any CPU
		{FF5743FA-F88B-4874-96D5-1E2BCCE7A8BD}.Release|x64.ActiveCfg = Release|Any CPU
		{FF5743FA-F88B-4874-96D5-1E2BCCE7A8BD}.Release|x64.Build.0 = Release|Any CPU
		{FF5743FA-F88B-4874-96D5-1E2BCCE7A8BD}.Release|x86.ActiveCfg = Release|Any CPU
		{FF5743FA-F88B-4874-96D5-1E2BCCE7A8BD}.Release|x86.Build.0 = Release|Any CPU
		{741B4B1E-89E4-434C-8867-6129838AFD51}.Debug|Any CPU.ActiveCfg = Debug|Any CPU
		{741B4B1E-89E4-434C-8867-6129838AFD51}.Debug|Any CPU.Build.0 = Debug|Any CPU
		{741B4B1E-89E4-434C-8867-6129838AFD51}.Debug|x64.ActiveCfg = Debug|Any CPU
		{741B4B1E-89E4-434C-8867-6129838AFD51}.Debug|x64.Build.0 = Debug|Any CPU
		{741B4B1E-89E4-434C-8867-6129838AFD51}.Debug|x86.ActiveCfg = Debug|Any CPU
		{741B4B1E-89E4-434C-8867-6129838AFD51}.Debug|x86.Build.0 = Debug|Any CPU
		{741B4B1E-89E4-434C-8867-6129838AFD51}.Release|Any CPU.ActiveCfg = Release|Any CPU
		{741B4B1E-89E4-434C-8867-6129838AFD51}.Release|Any CPU.Build.0 = Release|Any CPU
		{741B4B1E-89E4-434C-8867-6129838AFD51}.Release|x64.ActiveCfg = Release|Any CPU
		{741B4B1E-89E4-434C-8867-6129838AFD51}.Release|x64.Build.0 = Release|Any CPU
		{741B4B1E-89E4-434C-8867-6129838AFD51}.Release|x86.ActiveCfg = Release|Any CPU
		{741B4B1E-89E4-434C-8867-6129838AFD51}.Release|x86.Build.0 = Release|Any CPU
		{1DC4C439-A8A6-4A11-AB3B-A88DCBA05449}.Debug|Any CPU.ActiveCfg = Debug|Any CPU
		{1DC4C439-A8A6-4A11-AB3B-A88DCBA05449}.Debug|Any CPU.Build.0 = Debug|Any CPU
		{1DC4C439-A8A6-4A11-AB3B-A88DCBA05449}.Debug|x64.ActiveCfg = Debug|Any CPU
		{1DC4C439-A8A6-4A11-AB3B-A88DCBA05449}.Debug|x64.Build.0 = Debug|Any CPU
		{1DC4C439-A8A6-4A11-AB3B-A88DCBA05449}.Debug|x86.ActiveCfg = Debug|Any CPU
		{1DC4C439-A8A6-4A11-AB3B-A88DCBA05449}.Debug|x86.Build.0 = Debug|Any CPU
		{1DC4C439-A8A6-4A11-AB3B-A88DCBA05449}.Release|Any CPU.ActiveCfg = Release|Any CPU
		{1DC4C439-A8A6-4A11-AB3B-A88DCBA05449}.Release|Any CPU.Build.0 = Release|Any CPU
		{1DC4C439-A8A6-4A11-AB3B-A88DCBA05449}.Release|x64.ActiveCfg = Release|Any CPU
		{1DC4C439-A8A6-4A11-AB3B-A88DCBA05449}.Release|x64.Build.0 = Release|Any CPU
		{1DC4C439-A8A6-4A11-AB3B-A88DCBA05449}.Release|x86.ActiveCfg = Release|Any CPU
		{1DC4C439-A8A6-4A11-AB3B-A88DCBA05449}.Release|x86.Build.0 = Release|Any CPU
		{4B8D3F73-BBD2-4057-B86B-8B73B957DC0F}.Debug|Any CPU.ActiveCfg = Debug|Any CPU
		{4B8D3F73-BBD2-4057-B86B-8B73B957DC0F}.Debug|Any CPU.Build.0 = Debug|Any CPU
		{4B8D3F73-BBD2-4057-B86B-8B73B957DC0F}.Debug|x64.ActiveCfg = Debug|Any CPU
		{4B8D3F73-BBD2-4057-B86B-8B73B957DC0F}.Debug|x64.Build.0 = Debug|Any CPU
		{4B8D3F73-BBD2-4057-B86B-8B73B957DC0F}.Debug|x86.ActiveCfg = Debug|Any CPU
		{4B8D3F73-BBD2-4057-B86B-8B73B957DC0F}.Debug|x86.Build.0 = Debug|Any CPU
		{4B8D3F73-BBD2-4057-B86B-8B73B957DC0F}.Release|Any CPU.ActiveCfg = Release|Any CPU
		{4B8D3F73-BBD2-4057-B86B-8B73B957DC0F}.Release|Any CPU.Build.0 = Release|Any CPU
		{4B8D3F73-BBD2-4057-B86B-8B73B957DC0F}.Release|x64.ActiveCfg = Release|Any CPU
		{4B8D3F73-BBD2-4057-B86B-8B73B957DC0F}.Release|x64.Build.0 = Release|Any CPU
		{4B8D3F73-BBD2-4057-B86B-8B73B957DC0F}.Release|x86.ActiveCfg = Release|Any CPU
		{4B8D3F73-BBD2-4057-B86B-8B73B957DC0F}.Release|x86.Build.0 = Release|Any CPU
		{3F81F76D-F0F3-44FE-A256-40AF153C33F7}.Debug|Any CPU.ActiveCfg = Debug|Any CPU
		{3F81F76D-F0F3-44FE-A256-40AF153C33F7}.Debug|Any CPU.Build.0 = Debug|Any CPU
		{3F81F76D-F0F3-44FE-A256-40AF153C33F7}.Debug|x64.ActiveCfg = Debug|Any CPU
		{3F81F76D-F0F3-44FE-A256-40AF153C33F7}.Debug|x64.Build.0 = Debug|Any CPU
		{3F81F76D-F0F3-44FE-A256-40AF153C33F7}.Debug|x86.ActiveCfg = Debug|Any CPU
		{3F81F76D-F0F3-44FE-A256-40AF153C33F7}.Debug|x86.Build.0 = Debug|Any CPU
		{3F81F76D-F0F3-44FE-A256-40AF153C33F7}.Release|Any CPU.ActiveCfg = Release|Any CPU
		{3F81F76D-F0F3-44FE-A256-40AF153C33F7}.Release|Any CPU.Build.0 = Release|Any CPU
		{3F81F76D-F0F3-44FE-A256-40AF153C33F7}.Release|x64.ActiveCfg = Release|Any CPU
		{3F81F76D-F0F3-44FE-A256-40AF153C33F7}.Release|x64.Build.0 = Release|Any CPU
		{3F81F76D-F0F3-44FE-A256-40AF153C33F7}.Release|x86.ActiveCfg = Release|Any CPU
		{3F81F76D-F0F3-44FE-A256-40AF153C33F7}.Release|x86.Build.0 = Release|Any CPU
		{6E0E6284-13FF-4DC7-8FC2-B6D756EAF1FD}.Debug|Any CPU.ActiveCfg = Debug|Any CPU
		{6E0E6284-13FF-4DC7-8FC2-B6D756EAF1FD}.Debug|Any CPU.Build.0 = Debug|Any CPU
		{6E0E6284-13FF-4DC7-8FC2-B6D756EAF1FD}.Debug|x64.ActiveCfg = Debug|Any CPU
		{6E0E6284-13FF-4DC7-8FC2-B6D756EAF1FD}.Debug|x64.Build.0 = Debug|Any CPU
		{6E0E6284-13FF-4DC7-8FC2-B6D756EAF1FD}.Debug|x86.ActiveCfg = Debug|Any CPU
		{6E0E6284-13FF-4DC7-8FC2-B6D756EAF1FD}.Debug|x86.Build.0 = Debug|Any CPU
		{6E0E6284-13FF-4DC7-8FC2-B6D756EAF1FD}.Release|Any CPU.ActiveCfg = Release|Any CPU
		{6E0E6284-13FF-4DC7-8FC2-B6D756EAF1FD}.Release|Any CPU.Build.0 = Release|Any CPU
		{6E0E6284-13FF-4DC7-8FC2-B6D756EAF1FD}.Release|x64.ActiveCfg = Release|Any CPU
		{6E0E6284-13FF-4DC7-8FC2-B6D756EAF1FD}.Release|x64.Build.0 = Release|Any CPU
		{6E0E6284-13FF-4DC7-8FC2-B6D756EAF1FD}.Release|x86.ActiveCfg = Release|Any CPU
		{6E0E6284-13FF-4DC7-8FC2-B6D756EAF1FD}.Release|x86.Build.0 = Release|Any CPU
	EndGlobalSection
	GlobalSection(SolutionProperties) = preSolution
		HideSolutionNode = FALSE
	EndGlobalSection
	GlobalSection(NestedProjects) = preSolution
		{B3201192-46D5-40C5-A24E-493EC66D8C9B} = {BF402782-D4F6-4F6B-A284-AA6D8B8AA39A}
		{D6FC6C8F-3CB7-495B-BB2E-879A18095434} = {472FB4BB-FCD4-45BF-B54D-A0096DF1F5B4}
		{309F4626-65AB-4033-82CE-C8B4CBDB7566} = {472FB4BB-FCD4-45BF-B54D-A0096DF1F5B4}
		{B15F9E7C-1410-4B9F-845E-D0238B9E982F} = {472FB4BB-FCD4-45BF-B54D-A0096DF1F5B4}
		{329846B8-2E99-4DA0-A5AC-8E070B0A9A2F} = {472FB4BB-FCD4-45BF-B54D-A0096DF1F5B4}
		{FF5743FA-F88B-4874-96D5-1E2BCCE7A8BD} = {472FB4BB-FCD4-45BF-B54D-A0096DF1F5B4}
	EndGlobalSection
	GlobalSection(ExtensibilityGlobals) = postSolution
		SolutionGuid = {51ECE597-0299-4753-B7F5-4E8EDECD7BB4}
	EndGlobalSection
EndGlobal
