Microsoft Visual Studio Solution File, Format Version 12.00
# Visual Studio Version 17
VisualStudioVersion = 17.3.32929.385
MinimumVisualStudioVersion = 16.0.29728.190
Project("{2150E333-8FDC-42A3-9474-1A3956D46DE8}") = "Tools", "Tools", "{E8AF1D42-DB6D-404E-A5AD-9D1FC13B3A5C}"
EndProject
Project("{FAE04EC0-301F-11D3-BF4B-00C04F79EFBC}") = "2MGFX.Windows.9K", "Tools\MonoGame.Effect.Compiler\2MGFX.Windows.9K.csproj", "{46474D32-2E58-6957-6E64-6F7773324D47}"
EndProject
Project("{FAE04EC0-301F-11D3-BF4B-00C04F79EFBC}") = "MGCB.Windows.9K", "Tools\MonoGame.Content.Builder\MGCB.Windows.9K.csproj", "{4243474D-572E-6E69-646F-77734D474342}"
EndProject
Project("{FAE04EC0-301F-11D3-BF4B-00C04F79EFBC}") = "MonoGame.Build.Tasks.Windows.9K", "Tools\MonoGame.Build.Tasks\MonoGame.Build.Tasks.Windows.9K.csproj", "{E2D9E2AE-B875-D3D6-92B1-ECDC6C642E54}"
EndProject
Project("{FAE04EC0-301F-11D3-BF4B-00C04F79EFBC}") = "Content.Pipeline.Editor.net4", "Tools\Content.Pipeline.Editor.WinForms\Content.Pipeline.Editor.net4.csproj", "{CF15F9CF-0DF8-4B18-B0A0-F5AA33EA3598}"
EndProject
Project("{2150E333-8FDC-42A3-9474-1A3956D46DE8}") = "Content.Pipeline", "Content.Pipeline", "{C413C655-EEE6-4757-9CDB-7D61AFBC001E}"
EndProject
Project("{FAE04EC0-301F-11D3-BF4B-00C04F79EFBC}") = "XNA.Framework.Content.Pipeline.Windows", "MonoGame.Framework.Content.Pipeline\XNA.Framework.Content.Pipeline.Windows.csproj", "{B950DE10-AC5D-4BD9-B817-51247C4A732D}"
EndProject
Project("{FAE04EC0-301F-11D3-BF4B-00C04F79EFBC}") = "XNA.Framework.WindowsDX11", "MonoGame.Framework\XNA.Framework.WindowsDX11.csproj", "{7DE47032-A904-4C29-BD22-2D235E8D91BA}"
EndProject
Project("{FAE04EC0-301F-11D3-BF4B-00C04F79EFBC}") = "MonoGame.Tests.Windows.9K", "Tests\MonoGame.Tests.Windows.9K.csproj", "{DED2DDB6-D4BE-656D-2E54-657374732E57}"
EndProject
Global
	GlobalSection(SolutionConfigurationPlatforms) = preSolution
		Debug|Any CPU = Debug|Any CPU
		Release|Any CPU = Release|Any CPU
	EndGlobalSection
	GlobalSection(ProjectConfigurationPlatforms) = postSolution
		{46474D32-2E58-6957-6E64-6F7773324D47}.Debug|Any CPU.ActiveCfg = Debug|Any CPU
		{46474D32-2E58-6957-6E64-6F7773324D47}.Debug|Any CPU.Build.0 = Debug|Any CPU
		{46474D32-2E58-6957-6E64-6F7773324D47}.Release|Any CPU.ActiveCfg = Release|Any CPU
		{46474D32-2E58-6957-6E64-6F7773324D47}.Release|Any CPU.Build.0 = Release|Any CPU
		{4243474D-572E-6E69-646F-77734D474342}.Debug|Any CPU.ActiveCfg = Debug|Any CPU
		{4243474D-572E-6E69-646F-77734D474342}.Debug|Any CPU.Build.0 = Debug|Any CPU
		{4243474D-572E-6E69-646F-77734D474342}.Release|Any CPU.ActiveCfg = Release|Any CPU
		{4243474D-572E-6E69-646F-77734D474342}.Release|Any CPU.Build.0 = Release|Any CPU
		{E2D9E2AE-B875-D3D6-92B1-ECDC6C642E54}.Debug|Any CPU.ActiveCfg = Debug|Any CPU
		{E2D9E2AE-B875-D3D6-92B1-ECDC6C642E54}.Debug|Any CPU.Build.0 = Debug|Any CPU
		{E2D9E2AE-B875-D3D6-92B1-ECDC6C642E54}.Release|Any CPU.ActiveCfg = Release|Any CPU
		{E2D9E2AE-B875-D3D6-92B1-ECDC6C642E54}.Release|Any CPU.Build.0 = Release|Any CPU
		{CF15F9CF-0DF8-4B18-B0A0-F5AA33EA3598}.Debug|Any CPU.ActiveCfg = Debug|Any CPU
		{CF15F9CF-0DF8-4B18-B0A0-F5AA33EA3598}.Debug|Any CPU.Build.0 = Debug|Any CPU
		{CF15F9CF-0DF8-4B18-B0A0-F5AA33EA3598}.Release|Any CPU.ActiveCfg = Release|Any CPU
		{CF15F9CF-0DF8-4B18-B0A0-F5AA33EA3598}.Release|Any CPU.Build.0 = Release|Any CPU
		{B950DE10-AC5D-4BD9-B817-51247C4A732D}.Debug|Any CPU.ActiveCfg = Debug|Any CPU
		{B950DE10-AC5D-4BD9-B817-51247C4A732D}.Debug|Any CPU.Build.0 = Debug|Any CPU
		{B950DE10-AC5D-4BD9-B817-51247C4A732D}.Release|Any CPU.ActiveCfg = Release|Any CPU
		{B950DE10-AC5D-4BD9-B817-51247C4A732D}.Release|Any CPU.Build.0 = Release|Any CPU
		{7DE47032-A904-4C29-BD22-2D235E8D91BA}.Debug|Any CPU.ActiveCfg = Debug|Any CPU
		{7DE47032-A904-4C29-BD22-2D235E8D91BA}.Debug|Any CPU.Build.0 = Debug|Any CPU
		{7DE47032-A904-4C29-BD22-2D235E8D91BA}.Release|Any CPU.ActiveCfg = Release|Any CPU
		{7DE47032-A904-4C29-BD22-2D235E8D91BA}.Release|Any CPU.Build.0 = Release|Any CPU
		{DED2DDB6-D4BE-656D-2E54-657374732E57}.Debug|Any CPU.ActiveCfg = Debug|Any CPU
		{DED2DDB6-D4BE-656D-2E54-657374732E57}.Debug|Any CPU.Build.0 = Debug|Any CPU
		{DED2DDB6-D4BE-656D-2E54-657374732E57}.Release|Any CPU.ActiveCfg = Release|Any CPU
		{DED2DDB6-D4BE-656D-2E54-657374732E57}.Release|Any CPU.Build.0 = Release|Any CPU
	EndGlobalSection
	GlobalSection(NestedProjects) = preSolution
		{46474D32-2E58-6957-6E64-6F7773324D47} = {E8AF1D42-DB6D-404E-A5AD-9D1FC13B3A5C}
		{4243474D-572E-6E69-646F-77734D474342} = {E8AF1D42-DB6D-404E-A5AD-9D1FC13B3A5C}
		{E2D9E2AE-B875-D3D6-92B1-ECDC6C642E54} = {E8AF1D42-DB6D-404E-A5AD-9D1FC13B3A5C}
		{CF15F9CF-0DF8-4B18-B0A0-F5AA33EA3598} = {E8AF1D42-DB6D-404E-A5AD-9D1FC13B3A5C}
		{B950DE10-AC5D-4BD9-B817-51247C4A732D} = {C413C655-EEE6-4757-9CDB-7D61AFBC001E}
	EndGlobalSection
EndGlobal
