Microsoft Visual Studio Solution File, Format Version 12.00
# Visual Studio Version 17
VisualStudioVersion = 17.3.32929.385
MinimumVisualStudioVersion = 17.1.32210.238
Project("{9A19103F-16F7-4668-BE54-9A1E7A4F7556}") = "Xna.Framework", "src\Xna.Framework\Xna.Framework.csproj", "{741B4B1E-89E4-434C-8867-6129838AFD51}"
EndProject
Project("{9A19103F-16F7-4668-BE54-9A1E7A4F7556}") = "Xna.Framework.Graphics.PackedVector", "src\Xna.Framework.Graphics.PackedVector\Xna.Framework.Graphics.PackedVector.csproj", "{FF11302E-6A9F-49AA-960A-9584BC4BDA26}"
EndProject
Project("{9A19103F-16F7-4668-BE54-9A1E7A4F7556}") = "Xna.Framework.Content", "src\Xna.Framework.Content\Xna.Framework.Content.csproj", "{1DC4C439-A8A6-4A11-AB3B-A88DCBA05449}"
EndProject
Project("{FAE04EC0-301F-11D3-BF4B-00C04F79EFBC}") = "XNA.Framework.DesktopGL", "MonoGame.Framework\XNA.Framework.DesktopGL.csproj", "{6D75E618-19CA-4C51-9546-F10965FBC0B8}"
EndProject
Project("{FAE04EC0-301F-11D3-BF4B-00C04F79EFBC}") = "MonoGame.Tests.WindowsGL.9K", "Tests\MonoGame.Tests.WindowsGL.9K.csproj", "{DED2DDB6-D4BE-B1B4-2E54-657374732E57}"
EndProject
Project("{9A19103F-16F7-4668-BE54-9A1E7A4F7556}") = "Xna.Framework.Design", "src\Xna.Framework.Design\Xna.Framework.Design.csproj", "{E37F98D7-C4E8-4556-B322-AEF99638ECE1}"
EndProject
Global
	GlobalSection(SolutionConfigurationPlatforms) = preSolution
		Debug|Any CPU = Debug|Any CPU
		Release|Any CPU = Release|Any CPU
	EndGlobalSection
	GlobalSection(ProjectConfigurationPlatforms) = postSolution
		{741B4B1E-89E4-434C-8867-6129838AFD51}.Debug|Any CPU.ActiveCfg = Debug|Any CPU
		{741B4B1E-89E4-434C-8867-6129838AFD51}.Debug|Any CPU.Build.0 = Debug|Any CPU
		{741B4B1E-89E4-434C-8867-6129838AFD51}.Release|Any CPU.ActiveCfg = Release|Any CPU
		{741B4B1E-89E4-434C-8867-6129838AFD51}.Release|Any CPU.Build.0 = Release|Any CPU
		{FF11302E-6A9F-49AA-960A-9584BC4BDA26}.Debug|Any CPU.ActiveCfg = Debug|Any CPU
		{FF11302E-6A9F-49AA-960A-9584BC4BDA26}.Debug|Any CPU.Build.0 = Debug|Any CPU
		{FF11302E-6A9F-49AA-960A-9584BC4BDA26}.Release|Any CPU.ActiveCfg = Release|Any CPU
		{FF11302E-6A9F-49AA-960A-9584BC4BDA26}.Release|Any CPU.Build.0 = Release|Any CPU
		{1DC4C439-A8A6-4A11-AB3B-A88DCBA05449}.Debug|Any CPU.ActiveCfg = Debug|Any CPU
		{1DC4C439-A8A6-4A11-AB3B-A88DCBA05449}.Debug|Any CPU.Build.0 = Debug|Any CPU
		{1DC4C439-A8A6-4A11-AB3B-A88DCBA05449}.Release|Any CPU.ActiveCfg = Release|Any CPU
		{1DC4C439-A8A6-4A11-AB3B-A88DCBA05449}.Release|Any CPU.Build.0 = Release|Any CPU
		{6D75E618-19CA-4C51-9546-F10965FBC0B8}.Debug|Any CPU.ActiveCfg = Debug|Any CPU
		{6D75E618-19CA-4C51-9546-F10965FBC0B8}.Debug|Any CPU.Build.0 = Debug|Any CPU
		{6D75E618-19CA-4C51-9546-F10965FBC0B8}.Release|Any CPU.ActiveCfg = Release|Any CPU
		{6D75E618-19CA-4C51-9546-F10965FBC0B8}.Release|Any CPU.Build.0 = Release|Any CPU
		{DED2DDB6-D4BE-B1B4-2E54-657374732E57}.Debug|Any CPU.ActiveCfg = Debug|Any CPU
		{DED2DDB6-D4BE-B1B4-2E54-657374732E57}.Debug|Any CPU.Build.0 = Debug|Any CPU
		{DED2DDB6-D4BE-B1B4-2E54-657374732E57}.Release|Any CPU.ActiveCfg = Release|Any CPU
		{DED2DDB6-D4BE-B1B4-2E54-657374732E57}.Release|Any CPU.Build.0 = Release|Any CPU
		{E37F98D7-C4E8-4556-B322-AEF99638ECE1}.Debug|Any CPU.ActiveCfg = Debug|Any CPU
		{E37F98D7-C4E8-4556-B322-AEF99638ECE1}.Debug|Any CPU.Build.0 = Debug|Any CPU
		{E37F98D7-C4E8-4556-B322-AEF99638ECE1}.Release|Any CPU.ActiveCfg = Release|Any CPU
		{E37F98D7-C4E8-4556-B322-AEF99638ECE1}.Release|Any CPU.Build.0 = Release|Any CPU
	EndGlobalSection
	GlobalSection(NestedProjects) = preSolution
	EndGlobalSection
EndGlobal
