
Microsoft Visual Studio Solution File, Format Version 12.00
# Visual Studio Version 17
VisualStudioVersion = 17.9.34728.123
MinimumVisualStudioVersion = 10.0.40219.1
Project("{FAE04EC0-301F-11D3-BF4B-00C04F79EFBC}") = "Kni.Tests.XNA", "Kni.Tests.XNA.csproj", "{7134181E-E02F-482F-9250-343ABC60E861}"
EndProject
Global
	GlobalSection(SolutionConfigurationPlatforms) = preSolution
		Debug|Any CPU = Debug|Any CPU
		Debug-CLI|Any CPU = Debug-CLI|Any CPU
		Release|Any CPU = Release|Any CPU
	EndGlobalSection
	GlobalSection(ProjectConfigurationPlatforms) = postSolution
		{7134181E-E02F-482F-9250-343ABC60E861}.Debug|Any CPU.ActiveCfg = Debug|Any CPU
		{7134181E-E02F-482F-9250-343ABC60E861}.Debug|Any CPU.Build.0 = Debug|Any CPU
		{7134181E-E02F-482F-9250-343ABC60E861}.Debug-CLI|Any CPU.ActiveCfg = Debug-CLI|Any CPU
		{7134181E-E02F-482F-9250-343ABC60E861}.Debug-CLI|Any CPU.Build.0 = Debug-CLI|Any CPU
		{7134181E-E02F-482F-9250-343ABC60E861}.Release|Any CPU.ActiveCfg = Release|Any CPU
		{7134181E-E02F-482F-9250-343ABC60E861}.Release|Any CPU.Build.0 = Release|Any CPU
	EndGlobalSection
	GlobalSection(SolutionProperties) = preSolution
		HideSolutionNode = FALSE
	EndGlobalSection
	GlobalSection(ExtensibilityGlobals) = postSolution
		SolutionGuid = {581AF8D9-A313-4EF4-B330-CD28DAF22414}
	EndGlobalSection
EndGlobal
